// !$*UTF8*$!
{
	archiveVersion = 1;
	classes = {
	};
	objectVersion = 48;
	objects = {

/* Begin PBXAggregateTarget section */
		035149D61F95F2570056E530 /* UniversalOmiseGO */ = {
			isa = PBXAggregateTarget;
			buildConfigurationList = 035149D71F95F2570056E530 /* Build configuration list for PBXAggregateTarget "UniversalOmiseGO" */;
			buildPhases = (
				035149DA1F95F2610056E530 /* ShellScript */,
			);
			dependencies = (
			);
			name = UniversalOmiseGO;
			productName = UniversalOmiseGO;
		};
/* End PBXAggregateTarget section */

/* Begin PBXBuildFile section */
		030F573620341A2600F54296 /* APIEndpointTest.swift in Sources */ = {isa = PBXBuildFile; fileRef = 030F573520341A2600F54296 /* APIEndpointTest.swift */; };
		0313D6D720317696003E99BA /* QRReader.swift in Sources */ = {isa = PBXBuildFile; fileRef = 0313D6D120317695003E99BA /* QRReader.swift */; };
		0313D6D820317696003E99BA /* QRScannerView.swift in Sources */ = {isa = PBXBuildFile; fileRef = 0313D6D220317695003E99BA /* QRScannerView.swift */; };
		0313D6D920317696003E99BA /* QRScannerViewModel.swift in Sources */ = {isa = PBXBuildFile; fileRef = 0313D6D320317695003E99BA /* QRScannerViewModel.swift */; };
		0313D6DA20317696003E99BA /* QRScannerOverlayView.swift in Sources */ = {isa = PBXBuildFile; fileRef = 0313D6D420317695003E99BA /* QRScannerOverlayView.swift */; };
		0313D6DB20317696003E99BA /* QRScannerLoadingView.swift in Sources */ = {isa = PBXBuildFile; fileRef = 0313D6D520317695003E99BA /* QRScannerLoadingView.swift */; };
		0313D6DC20317696003E99BA /* QRScannerViewController.swift in Sources */ = {isa = PBXBuildFile; fileRef = 0313D6D620317695003E99BA /* QRScannerViewController.swift */; };
		0313D6DE203176AC003E99BA /* QRGenerator.swift in Sources */ = {isa = PBXBuildFile; fileRef = 0313D6DD203176AC003E99BA /* QRGenerator.swift */; };
		0313D6E12031772F003E99BA /* QRGeneratorTest.swift in Sources */ = {isa = PBXBuildFile; fileRef = 0313D6E02031772F003E99BA /* QRGeneratorTest.swift */; };
		0313D6E32031776E003E99BA /* QRReaderTest.swift in Sources */ = {isa = PBXBuildFile; fileRef = 0313D6E22031776E003E99BA /* QRReaderTest.swift */; };
		031443021F8CAD56003DD5BE /* ResponseFixtureTest.swift in Sources */ = {isa = PBXBuildFile; fileRef = 031443011F8CAD56003DD5BE /* ResponseFixtureTest.swift */; };
		031863FD1F8F678300D13862 /* SettingFixtureTests.swift in Sources */ = {isa = PBXBuildFile; fileRef = 031863FC1F8F678300D13862 /* SettingFixtureTests.swift */; };
		031BB1101F9861AD0095468F /* FixtureTestCase.swift in Sources */ = {isa = PBXBuildFile; fileRef = 031BB10E1F9861AD0095468F /* FixtureTestCase.swift */; };
		0334869E2036C7EC0013B37A /* StubGenerator.swift in Sources */ = {isa = PBXBuildFile; fileRef = 0334869D2036C7EC0013B37A /* StubGenerator.swift */; };
		033522301FB5A5BF00BCBD11 /* AddressLiveTests.swift in Sources */ = {isa = PBXBuildFile; fileRef = 0335222F1FB5A5BF00BCBD11 /* AddressLiveTests.swift */; };
		033522321FB5A7D800BCBD11 /* SettingLiveTests.swift in Sources */ = {isa = PBXBuildFile; fileRef = 033522311FB5A7D800BCBD11 /* SettingLiveTests.swift */; };
		0345BE251F96FD9C00B4CA16 /* UserLiveTests.swift in Sources */ = {isa = PBXBuildFile; fileRef = 0345BE241F96FD9C00B4CA16 /* UserLiveTests.swift */; };
		0345BE271F96FDC400B4CA16 /* LiveTestCase.swift in Sources */ = {isa = PBXBuildFile; fileRef = 0345BE261F96FDC400B4CA16 /* LiveTestCase.swift */; };
		0345BE291F96FE8C00B4CA16 /* ResponseLiveTest.swift in Sources */ = {isa = PBXBuildFile; fileRef = 0345BE281F96FE8C00B4CA16 /* ResponseLiveTest.swift */; };
		034FA0441FA31C930033B8D1 /* LogoutFixtureTests.swift in Sources */ = {isa = PBXBuildFile; fileRef = 034FA0431FA31C930033B8D1 /* LogoutFixtureTests.swift */; };
		0355969920453069000E38DA /* TransactionSource.swift in Sources */ = {isa = PBXBuildFile; fileRef = 0355969820453069000E38DA /* TransactionSource.swift */; };
		0355969B2045315F000E38DA /* TransactionExchange.swift in Sources */ = {isa = PBXBuildFile; fileRef = 0355969A2045315F000E38DA /* TransactionExchange.swift */; };
		0365DE832028508900F7B42E /* TransactionRequestParams.swift in Sources */ = {isa = PBXBuildFile; fileRef = 0365DE822028508900F7B42E /* TransactionRequestParams.swift */; };
		0365DE8520285FE700F7B42E /* TransactionRequest.swift in Sources */ = {isa = PBXBuildFile; fileRef = 0365DE8420285FE700F7B42E /* TransactionRequest.swift */; };
		037032A51FBBE6B100DBCDDD /* OmiseGO.h in Headers */ = {isa = PBXBuildFile; fileRef = 0370328D1FBBE6B100DBCDDD /* OmiseGO.h */; settings = {ATTRIBUTES = (Public, ); }; };
		037032A61FBBE6B100DBCDDD /* OMGJSONResponse.swift in Sources */ = {isa = PBXBuildFile; fileRef = 0370328F1FBBE6B100DBCDDD /* OMGJSONResponse.swift */; };
		037032A71FBBE6B100DBCDDD /* OMGJSONListResponse.swift in Sources */ = {isa = PBXBuildFile; fileRef = 037032901FBBE6B100DBCDDD /* OMGJSONListResponse.swift */; };
		037032A81FBBE6B100DBCDDD /* Setting.swift in Sources */ = {isa = PBXBuildFile; fileRef = 037032911FBBE6B100DBCDDD /* Setting.swift */; };
		037032A91FBBE6B100DBCDDD /* Address.swift in Sources */ = {isa = PBXBuildFile; fileRef = 037032921FBBE6B100DBCDDD /* Address.swift */; };
		037032AA1FBBE6B100DBCDDD /* User.swift in Sources */ = {isa = PBXBuildFile; fileRef = 037032931FBBE6B100DBCDDD /* User.swift */; };
		037032AB1FBBE6B100DBCDDD /* Balance.swift in Sources */ = {isa = PBXBuildFile; fileRef = 037032941FBBE6B100DBCDDD /* Balance.swift */; };
		037032AC1FBBE6B100DBCDDD /* Reponse.swift in Sources */ = {isa = PBXBuildFile; fileRef = 037032951FBBE6B100DBCDDD /* Reponse.swift */; };
		037032AD1FBBE6B100DBCDDD /* Object.swift in Sources */ = {isa = PBXBuildFile; fileRef = 037032961FBBE6B100DBCDDD /* Object.swift */; };
		037032AE1FBBE6B100DBCDDD /* MintedToken.swift in Sources */ = {isa = PBXBuildFile; fileRef = 037032971FBBE6B100DBCDDD /* MintedToken.swift */; };
		037032AF1FBBE6B100DBCDDD /* Retrievable.swift in Sources */ = {isa = PBXBuildFile; fileRef = 037032991FBBE6B100DBCDDD /* Retrievable.swift */; };
		037032B01FBBE6B100DBCDDD /* Listable.swift in Sources */ = {isa = PBXBuildFile; fileRef = 0370329A1FBBE6B100DBCDDD /* Listable.swift */; };
		037032B11FBBE6B100DBCDDD /* OMGConfiguration.swift in Sources */ = {isa = PBXBuildFile; fileRef = 0370329C1FBBE6B100DBCDDD /* OMGConfiguration.swift */; };
		037032B21FBBE6B100DBCDDD /* APIError.swift in Sources */ = {isa = PBXBuildFile; fileRef = 0370329D1FBBE6B100DBCDDD /* APIError.swift */; };
		037032B31FBBE6B100DBCDDD /* OMGClient.swift in Sources */ = {isa = PBXBuildFile; fileRef = 0370329E1FBBE6B100DBCDDD /* OMGClient.swift */; };
		037032B51FBBE6B100DBCDDD /* APIEndpoint.swift in Sources */ = {isa = PBXBuildFile; fileRef = 037032A01FBBE6B100DBCDDD /* APIEndpoint.swift */; };
		037032B61FBBE6B100DBCDDD /* OmiseGOError.swift in Sources */ = {isa = PBXBuildFile; fileRef = 037032A11FBBE6B100DBCDDD /* OmiseGOError.swift */; };
		037032B81FBBE6B100DBCDDD /* OMGRequest.swift in Sources */ = {isa = PBXBuildFile; fileRef = 037032A31FBBE6B100DBCDDD /* OMGRequest.swift */; };
		037032BC1FBBE7A300DBCDDD /* Tool.swift in Sources */ = {isa = PBXBuildFile; fileRef = 037032BB1FBBE7A300DBCDDD /* Tool.swift */; };
		0370519E2040756F009FD899 /* secret.plist in Resources */ = {isa = PBXBuildFile; fileRef = 0370519D2040756F009FD899 /* secret.plist */; };
		037051A020407D4A009FD899 /* TransactionRequestLiveTests.swift in Sources */ = {isa = PBXBuildFile; fileRef = 0370519F20407D4A009FD899 /* TransactionRequestLiveTests.swift */; };
		038A42561F8DE786001A00E0 /* UserFixtureTests.swift in Sources */ = {isa = PBXBuildFile; fileRef = 038A42551F8DE786001A00E0 /* UserFixtureTests.swift */; };
		038CB3E5202AE93900E40715 /* QRTestHelper.swift in Sources */ = {isa = PBXBuildFile; fileRef = 038CB3E4202AE93900E40715 /* QRTestHelper.swift */; };
		038CB3E7202AF81900E40715 /* TransactionConsumeParams.swift in Sources */ = {isa = PBXBuildFile; fileRef = 038CB3E6202AF81900E40715 /* TransactionConsumeParams.swift */; };
		038CB3E9202B02B300E40715 /* TransactionConsumeParamsTest.swift in Sources */ = {isa = PBXBuildFile; fileRef = 038CB3E8202B02B300E40715 /* TransactionConsumeParamsTest.swift */; };
		0390B2482028652400B1F65E /* TransactionRequestTest.swift in Sources */ = {isa = PBXBuildFile; fileRef = 0390B2472028652400B1F65E /* TransactionRequestTest.swift */; };
		03939D8E202866E400F65F20 /* EncodeTests.swift in Sources */ = {isa = PBXBuildFile; fileRef = 03939D8D202866E400F65F20 /* EncodeTests.swift */; };
		03939D9020286B9E00F65F20 /* TransactionRequestFixtureTests.swift in Sources */ = {isa = PBXBuildFile; fileRef = 03939D8F20286B9E00F65F20 /* TransactionRequestFixtureTests.swift */; };
		03939D922029672F00F65F20 /* OMGRequestTest.swift in Sources */ = {isa = PBXBuildFile; fileRef = 03939D912029672F00F65F20 /* OMGRequestTest.swift */; };
		0396627E203FFD6B004E5640 /* Extension.swift in Sources */ = {isa = PBXBuildFile; fileRef = 0396627D203FFD6B004E5640 /* Extension.swift */; };
		03966280203FFF3E004E5640 /* TransactionTests.swift in Sources */ = {isa = PBXBuildFile; fileRef = 0396627F203FFF3E004E5640 /* TransactionTests.swift */; };
		03966282204005E8004E5640 /* TransactionLiveTests.swift in Sources */ = {isa = PBXBuildFile; fileRef = 03966281204005E8004E5640 /* TransactionLiveTests.swift */; };
		0396628420400CE8004E5640 /* TransactionTest.swift in Sources */ = {isa = PBXBuildFile; fileRef = 0396628320400CE8004E5640 /* TransactionTest.swift */; };
		039DA973203FA72800CCC56A /* Transaction.swift in Sources */ = {isa = PBXBuildFile; fileRef = 039DA972203FA72800CCC56A /* Transaction.swift */; };
		039DA975203FA94100CCC56A /* PaginationParams.swift in Sources */ = {isa = PBXBuildFile; fileRef = 039DA974203FA94100CCC56A /* PaginationParams.swift */; };
		039DA977203FAB0600CCC56A /* TransactionListParams.swift in Sources */ = {isa = PBXBuildFile; fileRef = 039DA976203FAB0600CCC56A /* TransactionListParams.swift */; };
		039DA979203FB53F00CCC56A /* Pagination.swift in Sources */ = {isa = PBXBuildFile; fileRef = 039DA978203FB53F00CCC56A /* Pagination.swift */; };
		03A5E8191F8E14570009D5E0 /* ClientTests.swift in Sources */ = {isa = PBXBuildFile; fileRef = 03A5E8181F8E14570009D5E0 /* ClientTests.swift */; };
		03A5E81B1F8E2C4C0009D5E0 /* DummyObject.swift in Sources */ = {isa = PBXBuildFile; fileRef = 03A5E81A1F8E2C4C0009D5E0 /* DummyObject.swift */; };
		03B1E7392040127600134CB4 /* DateDummy.swift in Sources */ = {isa = PBXBuildFile; fileRef = 03B1E7382040127600134CB4 /* DateDummy.swift */; };
		03BCCCB31F8B311600F604DB /* OmiseGO.framework in Frameworks */ = {isa = PBXBuildFile; fileRef = 03BCCCA91F8B311600F604DB /* OmiseGO.framework */; };
		03BEACB32031833F003A3B0D /* MockQRReader.swift in Sources */ = {isa = PBXBuildFile; fileRef = 03BEACB22031833F003A3B0D /* MockQRReader.swift */; };
		03BEACB5203185E1003A3B0D /* QRScannerViewControllerTest.swift in Sources */ = {isa = PBXBuildFile; fileRef = 03BEACB4203185E1003A3B0D /* QRScannerViewControllerTest.swift */; };
		03BEACB72031A046003A3B0D /* QRScannerViewModelTest.swift in Sources */ = {isa = PBXBuildFile; fileRef = 03BEACB62031A046003A3B0D /* QRScannerViewModelTest.swift */; };
		03C2C0791FB93E5200B794AC /* DecodeTests.swift in Sources */ = {isa = PBXBuildFile; fileRef = 03C2C0781FB93E5200B794AC /* DecodeTests.swift */; };
		03C2C07D1FB97F9C00B794AC /* RequestFixtureTest.swift in Sources */ = {isa = PBXBuildFile; fileRef = 03C2C07C1FB97F9C00B794AC /* RequestFixtureTest.swift */; };
		03CEF4BF1FB012FB009B8CEB /* FixtureClient.swift in Sources */ = {isa = PBXBuildFile; fileRef = 03CEF4BE1FB012FB009B8CEB /* FixtureClient.swift */; };
		03CEF4C11FB01CB5009B8CEB /* AuthenticationLiveTest.swift in Sources */ = {isa = PBXBuildFile; fileRef = 03CEF4C01FB01CB5009B8CEB /* AuthenticationLiveTest.swift */; };
		03F5C0111F8CB1F80079E073 /* Fixtures in Resources */ = {isa = PBXBuildFile; fileRef = 03F5C0101F8CB19D0079E073 /* Fixtures */; };
		03F6B9BF203FC38700BB202C /* PaginableDummy.swift in Sources */ = {isa = PBXBuildFile; fileRef = 03F6B9BE203FC38700BB202C /* PaginableDummy.swift */; };
		03F84C661FC2883100F21C7B /* AddressTests.swift in Sources */ = {isa = PBXBuildFile; fileRef = 03F84C651FC2883100F21C7B /* AddressTests.swift */; };
		03F84C681FC2886700F21C7B /* BalanceTests.swift in Sources */ = {isa = PBXBuildFile; fileRef = 03F84C671FC2886600F21C7B /* BalanceTests.swift */; };
		03F84C6A1FC28D5E00F21C7B /* UserTests.swift in Sources */ = {isa = PBXBuildFile; fileRef = 03F84C691FC28D5E00F21C7B /* UserTests.swift */; };
		03F84C6C1FC292AD00F21C7B /* MintedTokenTests.swift in Sources */ = {isa = PBXBuildFile; fileRef = 03F84C6B1FC292AD00F21C7B /* MintedTokenTests.swift */; };
		03FE64492032960200345281 /* MetadataDummy.swift in Sources */ = {isa = PBXBuildFile; fileRef = 03FE64482032960200345281 /* MetadataDummy.swift */; };
		03FE644C2032A8FE00345281 /* TransactionConsume.swift in Sources */ = {isa = PBXBuildFile; fileRef = 03FE644A2032A39100345281 /* TransactionConsume.swift */; };
		03FE644E2032AA7400345281 /* TransactionConsumeFixtureTests.swift in Sources */ = {isa = PBXBuildFile; fileRef = 03FE644D2032AA7400345281 /* TransactionConsumeFixtureTests.swift */; };
		03FE64502032C6BF00345281 /* TransactionConsumeTest.swift in Sources */ = {isa = PBXBuildFile; fileRef = 03FE644F2032C6BF00345281 /* TransactionConsumeTest.swift */; };
		217782191FB5579F002CBCA7 /* AddressFixtureTests.swift in Sources */ = {isa = PBXBuildFile; fileRef = 217782181FB5579F002CBCA7 /* AddressFixtureTests.swift */; };
/* End PBXBuildFile section */

/* Begin PBXContainerItemProxy section */
		03BCCCB41F8B311600F604DB /* PBXContainerItemProxy */ = {
			isa = PBXContainerItemProxy;
			containerPortal = 03BCCCA01F8B311600F604DB /* Project object */;
			proxyType = 1;
			remoteGlobalIDString = 03BCCCA81F8B311600F604DB;
			remoteInfo = OmiseGO;
		};
/* End PBXContainerItemProxy section */

/* Begin PBXFileReference section */
		030F573520341A2600F54296 /* APIEndpointTest.swift */ = {isa = PBXFileReference; lastKnownFileType = sourcecode.swift; path = APIEndpointTest.swift; sourceTree = "<group>"; };
		0313D6D120317695003E99BA /* QRReader.swift */ = {isa = PBXFileReference; fileEncoding = 4; lastKnownFileType = sourcecode.swift; path = QRReader.swift; sourceTree = "<group>"; };
		0313D6D220317695003E99BA /* QRScannerView.swift */ = {isa = PBXFileReference; fileEncoding = 4; lastKnownFileType = sourcecode.swift; path = QRScannerView.swift; sourceTree = "<group>"; };
		0313D6D320317695003E99BA /* QRScannerViewModel.swift */ = {isa = PBXFileReference; fileEncoding = 4; lastKnownFileType = sourcecode.swift; path = QRScannerViewModel.swift; sourceTree = "<group>"; };
		0313D6D420317695003E99BA /* QRScannerOverlayView.swift */ = {isa = PBXFileReference; fileEncoding = 4; lastKnownFileType = sourcecode.swift; path = QRScannerOverlayView.swift; sourceTree = "<group>"; };
		0313D6D520317695003E99BA /* QRScannerLoadingView.swift */ = {isa = PBXFileReference; fileEncoding = 4; lastKnownFileType = sourcecode.swift; path = QRScannerLoadingView.swift; sourceTree = "<group>"; };
		0313D6D620317695003E99BA /* QRScannerViewController.swift */ = {isa = PBXFileReference; fileEncoding = 4; lastKnownFileType = sourcecode.swift; path = QRScannerViewController.swift; sourceTree = "<group>"; };
		0313D6DD203176AC003E99BA /* QRGenerator.swift */ = {isa = PBXFileReference; fileEncoding = 4; lastKnownFileType = sourcecode.swift; path = QRGenerator.swift; sourceTree = "<group>"; };
		0313D6E02031772F003E99BA /* QRGeneratorTest.swift */ = {isa = PBXFileReference; fileEncoding = 4; lastKnownFileType = sourcecode.swift; path = QRGeneratorTest.swift; sourceTree = "<group>"; };
		0313D6E22031776E003E99BA /* QRReaderTest.swift */ = {isa = PBXFileReference; lastKnownFileType = sourcecode.swift; path = QRReaderTest.swift; sourceTree = "<group>"; };
		031443011F8CAD56003DD5BE /* ResponseFixtureTest.swift */ = {isa = PBXFileReference; indentWidth = 4; lastKnownFileType = sourcecode.swift; path = ResponseFixtureTest.swift; sourceTree = "<group>"; tabWidth = 4; };
		031863FC1F8F678300D13862 /* SettingFixtureTests.swift */ = {isa = PBXFileReference; lastKnownFileType = sourcecode.swift; path = SettingFixtureTests.swift; sourceTree = "<group>"; };
		031BB10E1F9861AD0095468F /* FixtureTestCase.swift */ = {isa = PBXFileReference; lastKnownFileType = sourcecode.swift; path = FixtureTestCase.swift; sourceTree = "<group>"; };
		0334869D2036C7EC0013B37A /* StubGenerator.swift */ = {isa = PBXFileReference; lastKnownFileType = sourcecode.swift; path = StubGenerator.swift; sourceTree = "<group>"; };
		0335222F1FB5A5BF00BCBD11 /* AddressLiveTests.swift */ = {isa = PBXFileReference; lastKnownFileType = sourcecode.swift; path = AddressLiveTests.swift; sourceTree = "<group>"; };
		033522311FB5A7D800BCBD11 /* SettingLiveTests.swift */ = {isa = PBXFileReference; lastKnownFileType = sourcecode.swift; path = SettingLiveTests.swift; sourceTree = "<group>"; };
		0345BE241F96FD9C00B4CA16 /* UserLiveTests.swift */ = {isa = PBXFileReference; lastKnownFileType = sourcecode.swift; path = UserLiveTests.swift; sourceTree = "<group>"; };
		0345BE261F96FDC400B4CA16 /* LiveTestCase.swift */ = {isa = PBXFileReference; lastKnownFileType = sourcecode.swift; name = LiveTestCase.swift; path = ../LiveTestCase.swift; sourceTree = "<group>"; };
		0345BE281F96FE8C00B4CA16 /* ResponseLiveTest.swift */ = {isa = PBXFileReference; lastKnownFileType = sourcecode.swift; path = ResponseLiveTest.swift; sourceTree = "<group>"; };
		034FA0431FA31C930033B8D1 /* LogoutFixtureTests.swift */ = {isa = PBXFileReference; lastKnownFileType = sourcecode.swift; path = LogoutFixtureTests.swift; sourceTree = "<group>"; };
		0355969820453069000E38DA /* TransactionSource.swift */ = {isa = PBXFileReference; lastKnownFileType = sourcecode.swift; path = TransactionSource.swift; sourceTree = "<group>"; };
		0355969A2045315F000E38DA /* TransactionExchange.swift */ = {isa = PBXFileReference; lastKnownFileType = sourcecode.swift; path = TransactionExchange.swift; sourceTree = "<group>"; };
		0365DE822028508900F7B42E /* TransactionRequestParams.swift */ = {isa = PBXFileReference; lastKnownFileType = sourcecode.swift; path = TransactionRequestParams.swift; sourceTree = "<group>"; };
		0365DE8420285FE700F7B42E /* TransactionRequest.swift */ = {isa = PBXFileReference; lastKnownFileType = sourcecode.swift; path = TransactionRequest.swift; sourceTree = "<group>"; };
		0370328D1FBBE6B100DBCDDD /* OmiseGO.h */ = {isa = PBXFileReference; fileEncoding = 4; lastKnownFileType = sourcecode.c.h; path = OmiseGO.h; sourceTree = "<group>"; };
		0370328F1FBBE6B100DBCDDD /* OMGJSONResponse.swift */ = {isa = PBXFileReference; fileEncoding = 4; lastKnownFileType = sourcecode.swift; path = OMGJSONResponse.swift; sourceTree = "<group>"; };
		037032901FBBE6B100DBCDDD /* OMGJSONListResponse.swift */ = {isa = PBXFileReference; fileEncoding = 4; lastKnownFileType = sourcecode.swift; path = OMGJSONListResponse.swift; sourceTree = "<group>"; };
		037032911FBBE6B100DBCDDD /* Setting.swift */ = {isa = PBXFileReference; fileEncoding = 4; lastKnownFileType = sourcecode.swift; path = Setting.swift; sourceTree = "<group>"; };
		037032921FBBE6B100DBCDDD /* Address.swift */ = {isa = PBXFileReference; fileEncoding = 4; lastKnownFileType = sourcecode.swift; path = Address.swift; sourceTree = "<group>"; };
		037032931FBBE6B100DBCDDD /* User.swift */ = {isa = PBXFileReference; fileEncoding = 4; lastKnownFileType = sourcecode.swift; path = User.swift; sourceTree = "<group>"; };
		037032941FBBE6B100DBCDDD /* Balance.swift */ = {isa = PBXFileReference; fileEncoding = 4; lastKnownFileType = sourcecode.swift; path = Balance.swift; sourceTree = "<group>"; };
		037032951FBBE6B100DBCDDD /* Reponse.swift */ = {isa = PBXFileReference; fileEncoding = 4; lastKnownFileType = sourcecode.swift; path = Reponse.swift; sourceTree = "<group>"; };
		037032961FBBE6B100DBCDDD /* Object.swift */ = {isa = PBXFileReference; fileEncoding = 4; lastKnownFileType = sourcecode.swift; path = Object.swift; sourceTree = "<group>"; };
		037032971FBBE6B100DBCDDD /* MintedToken.swift */ = {isa = PBXFileReference; fileEncoding = 4; lastKnownFileType = sourcecode.swift; path = MintedToken.swift; sourceTree = "<group>"; };
		037032991FBBE6B100DBCDDD /* Retrievable.swift */ = {isa = PBXFileReference; fileEncoding = 4; lastKnownFileType = sourcecode.swift; path = Retrievable.swift; sourceTree = "<group>"; };
		0370329A1FBBE6B100DBCDDD /* Listable.swift */ = {isa = PBXFileReference; fileEncoding = 4; lastKnownFileType = sourcecode.swift; path = Listable.swift; sourceTree = "<group>"; };
		0370329C1FBBE6B100DBCDDD /* OMGConfiguration.swift */ = {isa = PBXFileReference; fileEncoding = 4; lastKnownFileType = sourcecode.swift; path = OMGConfiguration.swift; sourceTree = "<group>"; };
		0370329D1FBBE6B100DBCDDD /* APIError.swift */ = {isa = PBXFileReference; fileEncoding = 4; lastKnownFileType = sourcecode.swift; path = APIError.swift; sourceTree = "<group>"; };
		0370329E1FBBE6B100DBCDDD /* OMGClient.swift */ = {isa = PBXFileReference; fileEncoding = 4; lastKnownFileType = sourcecode.swift; path = OMGClient.swift; sourceTree = "<group>"; };
		037032A01FBBE6B100DBCDDD /* APIEndpoint.swift */ = {isa = PBXFileReference; fileEncoding = 4; lastKnownFileType = sourcecode.swift; path = APIEndpoint.swift; sourceTree = "<group>"; };
		037032A11FBBE6B100DBCDDD /* OmiseGOError.swift */ = {isa = PBXFileReference; fileEncoding = 4; lastKnownFileType = sourcecode.swift; path = OmiseGOError.swift; sourceTree = "<group>"; };
		037032A31FBBE6B100DBCDDD /* OMGRequest.swift */ = {isa = PBXFileReference; fileEncoding = 4; lastKnownFileType = sourcecode.swift; path = OMGRequest.swift; sourceTree = "<group>"; };
		037032A41FBBE6B100DBCDDD /* Info.plist */ = {isa = PBXFileReference; fileEncoding = 4; lastKnownFileType = text.plist.xml; path = Info.plist; sourceTree = "<group>"; };
		037032BB1FBBE7A300DBCDDD /* Tool.swift */ = {isa = PBXFileReference; fileEncoding = 4; lastKnownFileType = sourcecode.swift; path = Tool.swift; sourceTree = "<group>"; };
		0370519D2040756F009FD899 /* secret.plist */ = {isa = PBXFileReference; lastKnownFileType = text.plist.xml; path = secret.plist; sourceTree = "<group>"; };
		0370519F20407D4A009FD899 /* TransactionRequestLiveTests.swift */ = {isa = PBXFileReference; lastKnownFileType = sourcecode.swift; path = TransactionRequestLiveTests.swift; sourceTree = "<group>"; };
		038A42551F8DE786001A00E0 /* UserFixtureTests.swift */ = {isa = PBXFileReference; lastKnownFileType = sourcecode.swift; path = UserFixtureTests.swift; sourceTree = "<group>"; };
		038CB3E4202AE93900E40715 /* QRTestHelper.swift */ = {isa = PBXFileReference; lastKnownFileType = sourcecode.swift; path = QRTestHelper.swift; sourceTree = "<group>"; };
		038CB3E6202AF81900E40715 /* TransactionConsumeParams.swift */ = {isa = PBXFileReference; fileEncoding = 4; lastKnownFileType = sourcecode.swift; path = TransactionConsumeParams.swift; sourceTree = "<group>"; };
		038CB3E8202B02B300E40715 /* TransactionConsumeParamsTest.swift */ = {isa = PBXFileReference; lastKnownFileType = sourcecode.swift; path = TransactionConsumeParamsTest.swift; sourceTree = "<group>"; };
		0390B2472028652400B1F65E /* TransactionRequestTest.swift */ = {isa = PBXFileReference; lastKnownFileType = sourcecode.swift; path = TransactionRequestTest.swift; sourceTree = "<group>"; };
		03939D8D202866E400F65F20 /* EncodeTests.swift */ = {isa = PBXFileReference; lastKnownFileType = sourcecode.swift; path = EncodeTests.swift; sourceTree = "<group>"; };
		03939D8F20286B9E00F65F20 /* TransactionRequestFixtureTests.swift */ = {isa = PBXFileReference; lastKnownFileType = sourcecode.swift; path = TransactionRequestFixtureTests.swift; sourceTree = "<group>"; };
		03939D912029672F00F65F20 /* OMGRequestTest.swift */ = {isa = PBXFileReference; lastKnownFileType = sourcecode.swift; path = OMGRequestTest.swift; sourceTree = "<group>"; };
		0396627D203FFD6B004E5640 /* Extension.swift */ = {isa = PBXFileReference; lastKnownFileType = sourcecode.swift; path = Extension.swift; sourceTree = "<group>"; };
		0396627F203FFF3E004E5640 /* TransactionTests.swift */ = {isa = PBXFileReference; lastKnownFileType = sourcecode.swift; path = TransactionTests.swift; sourceTree = "<group>"; };
		03966281204005E8004E5640 /* TransactionLiveTests.swift */ = {isa = PBXFileReference; lastKnownFileType = sourcecode.swift; path = TransactionLiveTests.swift; sourceTree = "<group>"; };
		0396628320400CE8004E5640 /* TransactionTest.swift */ = {isa = PBXFileReference; lastKnownFileType = sourcecode.swift; path = TransactionTest.swift; sourceTree = "<group>"; };
		039DA972203FA72800CCC56A /* Transaction.swift */ = {isa = PBXFileReference; lastKnownFileType = sourcecode.swift; path = Transaction.swift; sourceTree = "<group>"; };
		039DA974203FA94100CCC56A /* PaginationParams.swift */ = {isa = PBXFileReference; lastKnownFileType = sourcecode.swift; path = PaginationParams.swift; sourceTree = "<group>"; };
		039DA976203FAB0600CCC56A /* TransactionListParams.swift */ = {isa = PBXFileReference; lastKnownFileType = sourcecode.swift; path = TransactionListParams.swift; sourceTree = "<group>"; };
		039DA978203FB53F00CCC56A /* Pagination.swift */ = {isa = PBXFileReference; lastKnownFileType = sourcecode.swift; path = Pagination.swift; sourceTree = "<group>"; };
		03A5E8181F8E14570009D5E0 /* ClientTests.swift */ = {isa = PBXFileReference; lastKnownFileType = sourcecode.swift; path = ClientTests.swift; sourceTree = "<group>"; };
		03A5E81A1F8E2C4C0009D5E0 /* DummyObject.swift */ = {isa = PBXFileReference; lastKnownFileType = sourcecode.swift; path = DummyObject.swift; sourceTree = "<group>"; };
		03B1E7382040127600134CB4 /* DateDummy.swift */ = {isa = PBXFileReference; lastKnownFileType = sourcecode.swift; path = DateDummy.swift; sourceTree = "<group>"; };
		03BCCCA91F8B311600F604DB /* OmiseGO.framework */ = {isa = PBXFileReference; explicitFileType = wrapper.framework; includeInIndex = 0; path = OmiseGO.framework; sourceTree = BUILT_PRODUCTS_DIR; };
		03BCCCB21F8B311600F604DB /* OmiseGOTests.xctest */ = {isa = PBXFileReference; explicitFileType = wrapper.cfbundle; includeInIndex = 0; path = OmiseGOTests.xctest; sourceTree = BUILT_PRODUCTS_DIR; };
		03BCCCB91F8B311600F604DB /* Info.plist */ = {isa = PBXFileReference; lastKnownFileType = text.plist.xml; path = Info.plist; sourceTree = "<group>"; };
		03BEACB22031833F003A3B0D /* MockQRReader.swift */ = {isa = PBXFileReference; lastKnownFileType = sourcecode.swift; path = MockQRReader.swift; sourceTree = "<group>"; };
		03BEACB4203185E1003A3B0D /* QRScannerViewControllerTest.swift */ = {isa = PBXFileReference; lastKnownFileType = sourcecode.swift; path = QRScannerViewControllerTest.swift; sourceTree = "<group>"; };
		03BEACB62031A046003A3B0D /* QRScannerViewModelTest.swift */ = {isa = PBXFileReference; lastKnownFileType = sourcecode.swift; path = QRScannerViewModelTest.swift; sourceTree = "<group>"; };
		03C2C0781FB93E5200B794AC /* DecodeTests.swift */ = {isa = PBXFileReference; lastKnownFileType = sourcecode.swift; path = DecodeTests.swift; sourceTree = "<group>"; };
		03C2C07C1FB97F9C00B794AC /* RequestFixtureTest.swift */ = {isa = PBXFileReference; lastKnownFileType = sourcecode.swift; path = RequestFixtureTest.swift; sourceTree = "<group>"; };
		03CEF4BE1FB012FB009B8CEB /* FixtureClient.swift */ = {isa = PBXFileReference; fileEncoding = 4; lastKnownFileType = sourcecode.swift; path = FixtureClient.swift; sourceTree = "<group>"; };
		03CEF4C01FB01CB5009B8CEB /* AuthenticationLiveTest.swift */ = {isa = PBXFileReference; lastKnownFileType = sourcecode.swift; path = AuthenticationLiveTest.swift; sourceTree = "<group>"; };
		03F5C0101F8CB19D0079E073 /* Fixtures */ = {isa = PBXFileReference; lastKnownFileType = folder; path = Fixtures; sourceTree = "<group>"; };
		03F6B9BE203FC38700BB202C /* PaginableDummy.swift */ = {isa = PBXFileReference; lastKnownFileType = sourcecode.swift; path = PaginableDummy.swift; sourceTree = "<group>"; };
		03F84C651FC2883100F21C7B /* AddressTests.swift */ = {isa = PBXFileReference; lastKnownFileType = sourcecode.swift; path = AddressTests.swift; sourceTree = "<group>"; };
		03F84C671FC2886600F21C7B /* BalanceTests.swift */ = {isa = PBXFileReference; fileEncoding = 4; lastKnownFileType = sourcecode.swift; path = BalanceTests.swift; sourceTree = "<group>"; };
		03F84C691FC28D5E00F21C7B /* UserTests.swift */ = {isa = PBXFileReference; lastKnownFileType = sourcecode.swift; path = UserTests.swift; sourceTree = "<group>"; };
		03F84C6B1FC292AD00F21C7B /* MintedTokenTests.swift */ = {isa = PBXFileReference; lastKnownFileType = sourcecode.swift; path = MintedTokenTests.swift; sourceTree = "<group>"; };
		03FE64482032960200345281 /* MetadataDummy.swift */ = {isa = PBXFileReference; lastKnownFileType = sourcecode.swift; path = MetadataDummy.swift; sourceTree = "<group>"; };
		03FE644A2032A39100345281 /* TransactionConsume.swift */ = {isa = PBXFileReference; lastKnownFileType = sourcecode.swift; path = TransactionConsume.swift; sourceTree = "<group>"; };
		03FE644D2032AA7400345281 /* TransactionConsumeFixtureTests.swift */ = {isa = PBXFileReference; lastKnownFileType = sourcecode.swift; path = TransactionConsumeFixtureTests.swift; sourceTree = "<group>"; };
		03FE644F2032C6BF00345281 /* TransactionConsumeTest.swift */ = {isa = PBXFileReference; lastKnownFileType = sourcecode.swift; path = TransactionConsumeTest.swift; sourceTree = "<group>"; };
		217782181FB5579F002CBCA7 /* AddressFixtureTests.swift */ = {isa = PBXFileReference; lastKnownFileType = sourcecode.swift; path = AddressFixtureTests.swift; sourceTree = "<group>"; };
/* End PBXFileReference section */

/* Begin PBXFrameworksBuildPhase section */
		03BCCCA51F8B311600F604DB /* Frameworks */ = {
			isa = PBXFrameworksBuildPhase;
			buildActionMask = 2147483647;
			files = (
			);
			runOnlyForDeploymentPostprocessing = 0;
		};
		03BCCCAF1F8B311600F604DB /* Frameworks */ = {
			isa = PBXFrameworksBuildPhase;
			buildActionMask = 2147483647;
			files = (
				03BCCCB31F8B311600F604DB /* OmiseGO.framework in Frameworks */,
			);
			runOnlyForDeploymentPostprocessing = 0;
		};
/* End PBXFrameworksBuildPhase section */

/* Begin PBXGroup section */
		0313D6D020317695003E99BA /* QRCode */ = {
			isa = PBXGroup;
			children = (
				0313D6DD203176AC003E99BA /* QRGenerator.swift */,
				0313D6D120317695003E99BA /* QRReader.swift */,
				0313D6D220317695003E99BA /* QRScannerView.swift */,
				0313D6D320317695003E99BA /* QRScannerViewModel.swift */,
				0313D6D420317695003E99BA /* QRScannerOverlayView.swift */,
				0313D6D520317695003E99BA /* QRScannerLoadingView.swift */,
				0313D6D620317695003E99BA /* QRScannerViewController.swift */,
			);
			path = QRCode;
			sourceTree = "<group>";
		};
		0313D6DF2031772F003E99BA /* QRCode */ = {
			isa = PBXGroup;
			children = (
				0313D6E02031772F003E99BA /* QRGeneratorTest.swift */,
				0313D6E22031776E003E99BA /* QRReaderTest.swift */,
				03BEACB22031833F003A3B0D /* MockQRReader.swift */,
				03BEACB4203185E1003A3B0D /* QRScannerViewControllerTest.swift */,
				03BEACB62031A046003A3B0D /* QRScannerViewModelTest.swift */,
			);
			path = QRCode;
			sourceTree = "<group>";
		};
		031443001F8CAA68003DD5BE /* Models */ = {
			isa = PBXGroup;
			children = (
				03A5E81A1F8E2C4C0009D5E0 /* DummyObject.swift */,
			);
			path = Models;
			sourceTree = "<group>";
		};
		031443031F8CAD88003DD5BE /* FixtureTests */ = {
			isa = PBXGroup;
			children = (
				031BB10E1F9861AD0095468F /* FixtureTestCase.swift */,
				03CEF4BE1FB012FB009B8CEB /* FixtureClient.swift */,
				031443011F8CAD56003DD5BE /* ResponseFixtureTest.swift */,
				03C2C07C1FB97F9C00B794AC /* RequestFixtureTest.swift */,
				038A42551F8DE786001A00E0 /* UserFixtureTests.swift */,
				217782181FB5579F002CBCA7 /* AddressFixtureTests.swift */,
				031863FC1F8F678300D13862 /* SettingFixtureTests.swift */,
				034FA0431FA31C930033B8D1 /* LogoutFixtureTests.swift */,
				03939D8F20286B9E00F65F20 /* TransactionRequestFixtureTests.swift */,
				03FE644D2032AA7400345281 /* TransactionConsumeFixtureTests.swift */,
				0396627F203FFF3E004E5640 /* TransactionTests.swift */,
				03F5C0101F8CB19D0079E073 /* Fixtures */,
			);
			path = FixtureTests;
			sourceTree = "<group>";
		};
		0345BE231F96FD7E00B4CA16 /* LiveTests */ = {
			isa = PBXGroup;
			children = (
				0345BE261F96FDC400B4CA16 /* LiveTestCase.swift */,
				0345BE241F96FD9C00B4CA16 /* UserLiveTests.swift */,
				0335222F1FB5A5BF00BCBD11 /* AddressLiveTests.swift */,
				0345BE281F96FE8C00B4CA16 /* ResponseLiveTest.swift */,
				03CEF4C01FB01CB5009B8CEB /* AuthenticationLiveTest.swift */,
				033522311FB5A7D800BCBD11 /* SettingLiveTests.swift */,
				03966281204005E8004E5640 /* TransactionLiveTests.swift */,
				0370519F20407D4A009FD899 /* TransactionRequestLiveTests.swift */,
			);
			path = LiveTests;
			sourceTree = "<group>";
		};
		0370328C1FBBE6B100DBCDDD /* Source */ = {
			isa = PBXGroup;
			children = (
				0370328D1FBBE6B100DBCDDD /* OmiseGO.h */,
				0313D6D020317695003E99BA /* QRCode */,
				0370328E1FBBE6B100DBCDDD /* Models */,
				037032981FBBE6B100DBCDDD /* Operations */,
				0370329B1FBBE6B100DBCDDD /* API */,
				037032BA1FBBE79500DBCDDD /* Helpers */,
				037032A41FBBE6B100DBCDDD /* Info.plist */,
			);
			path = Source;
			sourceTree = "<group>";
		};
		0370328E1FBBE6B100DBCDDD /* Models */ = {
			isa = PBXGroup;
			children = (
				0370328F1FBBE6B100DBCDDD /* OMGJSONResponse.swift */,
				037032901FBBE6B100DBCDDD /* OMGJSONListResponse.swift */,
				037032911FBBE6B100DBCDDD /* Setting.swift */,
				037032921FBBE6B100DBCDDD /* Address.swift */,
				037032931FBBE6B100DBCDDD /* User.swift */,
				037032941FBBE6B100DBCDDD /* Balance.swift */,
				037032951FBBE6B100DBCDDD /* Reponse.swift */,
				037032961FBBE6B100DBCDDD /* Object.swift */,
				037032971FBBE6B100DBCDDD /* MintedToken.swift */,
				0365DE822028508900F7B42E /* TransactionRequestParams.swift */,
				0365DE8420285FE700F7B42E /* TransactionRequest.swift */,
				038CB3E6202AF81900E40715 /* TransactionConsumeParams.swift */,
				03FE644A2032A39100345281 /* TransactionConsume.swift */,
				0355969820453069000E38DA /* TransactionSource.swift */,
				0355969A2045315F000E38DA /* TransactionExchange.swift */,
				039DA974203FA94100CCC56A /* PaginationParams.swift */,
				039DA976203FAB0600CCC56A /* TransactionListParams.swift */,
				039DA972203FA72800CCC56A /* Transaction.swift */,
				039DA978203FB53F00CCC56A /* Pagination.swift */,
			);
			path = Models;
			sourceTree = "<group>";
		};
		037032981FBBE6B100DBCDDD /* Operations */ = {
			isa = PBXGroup;
			children = (
				037032991FBBE6B100DBCDDD /* Retrievable.swift */,
				0370329A1FBBE6B100DBCDDD /* Listable.swift */,
			);
			path = Operations;
			sourceTree = "<group>";
		};
		0370329B1FBBE6B100DBCDDD /* API */ = {
			isa = PBXGroup;
			children = (
				0370329C1FBBE6B100DBCDDD /* OMGConfiguration.swift */,
				0370329D1FBBE6B100DBCDDD /* APIError.swift */,
				0370329E1FBBE6B100DBCDDD /* OMGClient.swift */,
				037032A01FBBE6B100DBCDDD /* APIEndpoint.swift */,
				037032A11FBBE6B100DBCDDD /* OmiseGOError.swift */,
				037032A31FBBE6B100DBCDDD /* OMGRequest.swift */,
			);
			path = API;
			sourceTree = "<group>";
		};
		037032BA1FBBE79500DBCDDD /* Helpers */ = {
			isa = PBXGroup;
			children = (
				037032BB1FBBE7A300DBCDDD /* Tool.swift */,
			);
			path = Helpers;
			sourceTree = "<group>";
		};
		038CB3E3202AE92A00E40715 /* Helpers */ = {
			isa = PBXGroup;
			children = (
				038CB3E4202AE93900E40715 /* QRTestHelper.swift */,
				03FE64482032960200345281 /* MetadataDummy.swift */,
				03B1E7382040127600134CB4 /* DateDummy.swift */,
				03F6B9BE203FC38700BB202C /* PaginableDummy.swift */,
				0334869D2036C7EC0013B37A /* StubGenerator.swift */,
				0396627D203FFD6B004E5640 /* Extension.swift */,
			);
			path = Helpers;
			sourceTree = "<group>";
		};
		03BCCC9F1F8B311600F604DB = {
			isa = PBXGroup;
			children = (
				0370328C1FBBE6B100DBCDDD /* Source */,
				03BCCCB61F8B311600F604DB /* OmiseGOTests */,
				03BCCCAA1F8B311600F604DB /* Products */,
			);
			sourceTree = "<group>";
		};
		03BCCCAA1F8B311600F604DB /* Products */ = {
			isa = PBXGroup;
			children = (
				03BCCCA91F8B311600F604DB /* OmiseGO.framework */,
				03BCCCB21F8B311600F604DB /* OmiseGOTests.xctest */,
			);
			name = Products;
			sourceTree = "<group>";
		};
		03BCCCB61F8B311600F604DB /* OmiseGOTests */ = {
			isa = PBXGroup;
			children = (
				0313D6DF2031772F003E99BA /* QRCode */,
				038CB3E3202AE92A00E40715 /* Helpers */,
				03F84C641FC2881A00F21C7B /* ModelTests */,
				0345BE231F96FD7E00B4CA16 /* LiveTests */,
				031443031F8CAD88003DD5BE /* FixtureTests */,
				03A5E8181F8E14570009D5E0 /* ClientTests.swift */,
				03C2C0781FB93E5200B794AC /* DecodeTests.swift */,
				03939D8D202866E400F65F20 /* EncodeTests.swift */,
				03939D912029672F00F65F20 /* OMGRequestTest.swift */,
				030F573520341A2600F54296 /* APIEndpointTest.swift */,
				03BCCCB91F8B311600F604DB /* Info.plist */,
				031443001F8CAA68003DD5BE /* Models */,
				0370519D2040756F009FD899 /* secret.plist */,
			);
			path = OmiseGOTests;
			sourceTree = "<group>";
		};
		03F84C641FC2881A00F21C7B /* ModelTests */ = {
			isa = PBXGroup;
			children = (
				03F84C671FC2886600F21C7B /* BalanceTests.swift */,
				03F84C651FC2883100F21C7B /* AddressTests.swift */,
				03F84C691FC28D5E00F21C7B /* UserTests.swift */,
				03F84C6B1FC292AD00F21C7B /* MintedTokenTests.swift */,
				0390B2472028652400B1F65E /* TransactionRequestTest.swift */,
				038CB3E8202B02B300E40715 /* TransactionConsumeParamsTest.swift */,
				03FE644F2032C6BF00345281 /* TransactionConsumeTest.swift */,
				0396628320400CE8004E5640 /* TransactionTest.swift */,
			);
			path = ModelTests;
			sourceTree = "<group>";
		};
/* End PBXGroup section */

/* Begin PBXHeadersBuildPhase section */
		03BCCCA61F8B311600F604DB /* Headers */ = {
			isa = PBXHeadersBuildPhase;
			buildActionMask = 2147483647;
			files = (
				037032A51FBBE6B100DBCDDD /* OmiseGO.h in Headers */,
			);
			runOnlyForDeploymentPostprocessing = 0;
		};
/* End PBXHeadersBuildPhase section */

/* Begin PBXNativeTarget section */
		03BCCCA81F8B311600F604DB /* OmiseGO */ = {
			isa = PBXNativeTarget;
			buildConfigurationList = 03BCCCBD1F8B311600F604DB /* Build configuration list for PBXNativeTarget "OmiseGO" */;
			buildPhases = (
				03BCCCA41F8B311600F604DB /* Sources */,
				03BCCCA51F8B311600F604DB /* Frameworks */,
				03BCCCA61F8B311600F604DB /* Headers */,
				03BCCCA71F8B311600F604DB /* Resources */,
				03F5C0121F8CD7080079E073 /* ShellScript */,
			);
			buildRules = (
			);
			dependencies = (
			);
			name = OmiseGO;
			productName = OmiseGO;
			productReference = 03BCCCA91F8B311600F604DB /* OmiseGO.framework */;
			productType = "com.apple.product-type.framework";
		};
		03BCCCB11F8B311600F604DB /* OmiseGOTests */ = {
			isa = PBXNativeTarget;
			buildConfigurationList = 03BCCCC01F8B311600F604DB /* Build configuration list for PBXNativeTarget "OmiseGOTests" */;
			buildPhases = (
				03BCCCAE1F8B311600F604DB /* Sources */,
				03BCCCAF1F8B311600F604DB /* Frameworks */,
				03BCCCB01F8B311600F604DB /* Resources */,
			);
			buildRules = (
			);
			dependencies = (
				03BCCCB51F8B311600F604DB /* PBXTargetDependency */,
			);
			name = OmiseGOTests;
			productName = OmiseGOTests;
			productReference = 03BCCCB21F8B311600F604DB /* OmiseGOTests.xctest */;
			productType = "com.apple.product-type.bundle.unit-test";
		};
/* End PBXNativeTarget section */

/* Begin PBXProject section */
		03BCCCA01F8B311600F604DB /* Project object */ = {
			isa = PBXProject;
			attributes = {
				LastSwiftUpdateCheck = 0900;
				LastUpgradeCheck = 0910;
				ORGANIZATIONNAME = OmiseGO;
				TargetAttributes = {
					035149D61F95F2570056E530 = {
						CreatedOnToolsVersion = 9.0;
						ProvisioningStyle = Automatic;
					};
					03BCCCA81F8B311600F604DB = {
						CreatedOnToolsVersion = 9.0;
						LastSwiftMigration = 0900;
						ProvisioningStyle = Manual;
					};
					03BCCCB11F8B311600F604DB = {
						CreatedOnToolsVersion = 9.0;
						ProvisioningStyle = Manual;
					};
				};
			};
			buildConfigurationList = 03BCCCA31F8B311600F604DB /* Build configuration list for PBXProject "OmiseGO" */;
			compatibilityVersion = "Xcode 8.0";
			developmentRegion = en;
			hasScannedForEncodings = 0;
			knownRegions = (
				en,
			);
			mainGroup = 03BCCC9F1F8B311600F604DB;
			productRefGroup = 03BCCCAA1F8B311600F604DB /* Products */;
			projectDirPath = "";
			projectRoot = "";
			targets = (
				03BCCCA81F8B311600F604DB /* OmiseGO */,
				03BCCCB11F8B311600F604DB /* OmiseGOTests */,
				035149D61F95F2570056E530 /* UniversalOmiseGO */,
			);
		};
/* End PBXProject section */

/* Begin PBXResourcesBuildPhase section */
		03BCCCA71F8B311600F604DB /* Resources */ = {
			isa = PBXResourcesBuildPhase;
			buildActionMask = 2147483647;
			files = (
			);
			runOnlyForDeploymentPostprocessing = 0;
		};
		03BCCCB01F8B311600F604DB /* Resources */ = {
			isa = PBXResourcesBuildPhase;
			buildActionMask = 2147483647;
			files = (
				0370519E2040756F009FD899 /* secret.plist in Resources */,
				03F5C0111F8CB1F80079E073 /* Fixtures in Resources */,
			);
			runOnlyForDeploymentPostprocessing = 0;
		};
/* End PBXResourcesBuildPhase section */

/* Begin PBXShellScriptBuildPhase section */
		035149DA1F95F2610056E530 /* ShellScript */ = {
			isa = PBXShellScriptBuildPhase;
			buildActionMask = 2147483647;
			files = (
			);
			inputPaths = (
			);
			outputPaths = (
			);
			runOnlyForDeploymentPostprocessing = 0;
			shellPath = /bin/sh;
			shellScript = "#!/bin/sh\nUNIVERSAL_OUTPUTFOLDER=${BUILD_DIR}/${CONFIGURATION}-universal\n# make sure the output directory exists\nmkdir -p \"${UNIVERSAL_OUTPUTFOLDER}\"\n# Step 1. Build Device and Simulator versions\nxcodebuild -target \"OmiseGO\" ONLY_ACTIVE_ARCH=NO -configuration ${CONFIGURATION} -sdk iphoneos  BUILD_DIR=\"${BUILD_DIR}\" BUILD_ROOT=\"${BUILD_ROOT}\" clean build\nxcodebuild -target \"OmiseGO\" -configuration ${CONFIGURATION} -sdk iphonesimulator ONLY_ACTIVE_ARCH=NO BUILD_DIR=\"${BUILD_DIR}\" BUILD_ROOT=\"${BUILD_ROOT}\" clean build\n# Step 2. Copy the framework structure (from iphoneos build) to the universal folder\ncp -R \"${BUILD_DIR}/${CONFIGURATION}-iphoneos/OmiseGO.framework\" \"${UNIVERSAL_OUTPUTFOLDER}/\"\n# Step 3. Copy Swift modules from iphonesimulator build (if it exists) to the copied framework directory\nSIMULATOR_SWIFT_MODULES_DIR=\"${BUILD_DIR}/${CONFIGURATION}-iphonesimulator/OmiseGO.framework/Modules/OmiseGO.swiftmodule/.\"\nif [ -d \"${SIMULATOR_SWIFT_MODULES_DIR}\" ]; then\ncp -R \"${SIMULATOR_SWIFT_MODULES_DIR}\" \"${UNIVERSAL_OUTPUTFOLDER}/OmiseGO.framework/Modules/OmiseGO.swiftmodule\"\nfi\n# Step 4. Create universal binary file using lipo and place the combined executable in the copied framework directory\nlipo -create -output \"${UNIVERSAL_OUTPUTFOLDER}/OmiseGO.framework/OmiseGO\" \"${BUILD_DIR}/${CONFIGURATION}-iphonesimulator/OmiseGO.framework/OmiseGO\" \"${BUILD_DIR}/${CONFIGURATION}-iphoneos/OmiseGO.framework/OmiseGO\"\n# Step 5. Convenience step to copy the framework to the project's directory\ncp -R \"${UNIVERSAL_OUTPUTFOLDER}/OmiseGO.framework\" \"${PROJECT_DIR}\"\n# Step 6. Convenience step to open the project's directory in Finder\nopen \"${PROJECT_DIR}\"";
		};
		03F5C0121F8CD7080079E073 /* ShellScript */ = {
			isa = PBXShellScriptBuildPhase;
			buildActionMask = 2147483647;
			files = (
			);
			inputPaths = (
			);
			outputPaths = (
			);
			runOnlyForDeploymentPostprocessing = 0;
			shellPath = /bin/sh;
			shellScript = "if which swiftlint >/dev/null; then\n    swiftlint\nelse\n    echo \"warning: SwiftLint not installed, download from https://github.com/realm/SwiftLint\"\nfi";
		};
/* End PBXShellScriptBuildPhase section */

/* Begin PBXSourcesBuildPhase section */
		03BCCCA41F8B311600F604DB /* Sources */ = {
			isa = PBXSourcesBuildPhase;
			buildActionMask = 2147483647;
			files = (
				0313D6D720317696003E99BA /* QRReader.swift in Sources */,
				0313D6DE203176AC003E99BA /* QRGenerator.swift in Sources */,
				037032A71FBBE6B100DBCDDD /* OMGJSONListResponse.swift in Sources */,
				037032AC1FBBE6B100DBCDDD /* Reponse.swift in Sources */,
				039DA975203FA94100CCC56A /* PaginationParams.swift in Sources */,
				0365DE832028508900F7B42E /* TransactionRequestParams.swift in Sources */,
				0313D6D820317696003E99BA /* QRScannerView.swift in Sources */,
				037032A61FBBE6B100DBCDDD /* OMGJSONResponse.swift in Sources */,
				037032BC1FBBE7A300DBCDDD /* Tool.swift in Sources */,
				038CB3E7202AF81900E40715 /* TransactionConsumeParams.swift in Sources */,
				037032AF1FBBE6B100DBCDDD /* Retrievable.swift in Sources */,
				0313D6DC20317696003E99BA /* QRScannerViewController.swift in Sources */,
				037032B11FBBE6B100DBCDDD /* OMGConfiguration.swift in Sources */,
				0355969B2045315F000E38DA /* TransactionExchange.swift in Sources */,
				037032B01FBBE6B100DBCDDD /* Listable.swift in Sources */,
				037032B51FBBE6B100DBCDDD /* APIEndpoint.swift in Sources */,
				039DA973203FA72800CCC56A /* Transaction.swift in Sources */,
				0313D6DB20317696003E99BA /* QRScannerLoadingView.swift in Sources */,
				037032B31FBBE6B100DBCDDD /* OMGClient.swift in Sources */,
				039DA979203FB53F00CCC56A /* Pagination.swift in Sources */,
				0365DE8520285FE700F7B42E /* TransactionRequest.swift in Sources */,
				037032B81FBBE6B100DBCDDD /* OMGRequest.swift in Sources */,
				037032A91FBBE6B100DBCDDD /* Address.swift in Sources */,
				037032AA1FBBE6B100DBCDDD /* User.swift in Sources */,
				0355969920453069000E38DA /* TransactionSource.swift in Sources */,
				037032AB1FBBE6B100DBCDDD /* Balance.swift in Sources */,
				037032AD1FBBE6B100DBCDDD /* Object.swift in Sources */,
				0313D6D920317696003E99BA /* QRScannerViewModel.swift in Sources */,
				037032B61FBBE6B100DBCDDD /* OmiseGOError.swift in Sources */,
				037032A81FBBE6B100DBCDDD /* Setting.swift in Sources */,
				037032AE1FBBE6B100DBCDDD /* MintedToken.swift in Sources */,
				039DA977203FAB0600CCC56A /* TransactionListParams.swift in Sources */,
				037032B21FBBE6B100DBCDDD /* APIError.swift in Sources */,
				03FE644C2032A8FE00345281 /* TransactionConsume.swift in Sources */,
				0313D6DA20317696003E99BA /* QRScannerOverlayView.swift in Sources */,
			);
			runOnlyForDeploymentPostprocessing = 0;
		};
		03BCCCAE1F8B311600F604DB /* Sources */ = {
			isa = PBXSourcesBuildPhase;
			buildActionMask = 2147483647;
			files = (
				0313D6E32031776E003E99BA /* QRReaderTest.swift in Sources */,
				038CB3E5202AE93900E40715 /* QRTestHelper.swift in Sources */,
				03BEACB5203185E1003A3B0D /* QRScannerViewControllerTest.swift in Sources */,
				03939D9020286B9E00F65F20 /* TransactionRequestFixtureTests.swift in Sources */,
				03939D8E202866E400F65F20 /* EncodeTests.swift in Sources */,
				0313D6E12031772F003E99BA /* QRGeneratorTest.swift in Sources */,
				03B1E7392040127600134CB4 /* DateDummy.swift in Sources */,
				0345BE251F96FD9C00B4CA16 /* UserLiveTests.swift in Sources */,
				031443021F8CAD56003DD5BE /* ResponseFixtureTest.swift in Sources */,
				0390B2482028652400B1F65E /* TransactionRequestTest.swift in Sources */,
				0396627E203FFD6B004E5640 /* Extension.swift in Sources */,
				0345BE291F96FE8C00B4CA16 /* ResponseLiveTest.swift in Sources */,
				034FA0441FA31C930033B8D1 /* LogoutFixtureTests.swift in Sources */,
				03C2C0791FB93E5200B794AC /* DecodeTests.swift in Sources */,
				217782191FB5579F002CBCA7 /* AddressFixtureTests.swift in Sources */,
				03CEF4C11FB01CB5009B8CEB /* AuthenticationLiveTest.swift in Sources */,
				03BEACB32031833F003A3B0D /* MockQRReader.swift in Sources */,
				03F84C661FC2883100F21C7B /* AddressTests.swift in Sources */,
				03BEACB72031A046003A3B0D /* QRScannerViewModelTest.swift in Sources */,
				0345BE271F96FDC400B4CA16 /* LiveTestCase.swift in Sources */,
				03FE64492032960200345281 /* MetadataDummy.swift in Sources */,
				038A42561F8DE786001A00E0 /* UserFixtureTests.swift in Sources */,
				03C2C07D1FB97F9C00B794AC /* RequestFixtureTest.swift in Sources */,
				03F84C6C1FC292AD00F21C7B /* MintedTokenTests.swift in Sources */,
				033522301FB5A5BF00BCBD11 /* AddressLiveTests.swift in Sources */,
				0396628420400CE8004E5640 /* TransactionTest.swift in Sources */,
				03FE644E2032AA7400345281 /* TransactionConsumeFixtureTests.swift in Sources */,
				0334869E2036C7EC0013B37A /* StubGenerator.swift in Sources */,
				037051A020407D4A009FD899 /* TransactionRequestLiveTests.swift in Sources */,
				03F84C6A1FC28D5E00F21C7B /* UserTests.swift in Sources */,
				031863FD1F8F678300D13862 /* SettingFixtureTests.swift in Sources */,
				03F84C681FC2886700F21C7B /* BalanceTests.swift in Sources */,
				03966282204005E8004E5640 /* TransactionLiveTests.swift in Sources */,
				03F6B9BF203FC38700BB202C /* PaginableDummy.swift in Sources */,
				030F573620341A2600F54296 /* APIEndpointTest.swift in Sources */,
				03CEF4BF1FB012FB009B8CEB /* FixtureClient.swift in Sources */,
				033522321FB5A7D800BCBD11 /* SettingLiveTests.swift in Sources */,
				03939D922029672F00F65F20 /* OMGRequestTest.swift in Sources */,
				03966280203FFF3E004E5640 /* TransactionTests.swift in Sources */,
				03FE64502032C6BF00345281 /* TransactionConsumeTest.swift in Sources */,
				03A5E8191F8E14570009D5E0 /* ClientTests.swift in Sources */,
				038CB3E9202B02B300E40715 /* TransactionConsumeParamsTest.swift in Sources */,
				03A5E81B1F8E2C4C0009D5E0 /* DummyObject.swift in Sources */,
				031BB1101F9861AD0095468F /* FixtureTestCase.swift in Sources */,
			);
			runOnlyForDeploymentPostprocessing = 0;
		};
/* End PBXSourcesBuildPhase section */

/* Begin PBXTargetDependency section */
		03BCCCB51F8B311600F604DB /* PBXTargetDependency */ = {
			isa = PBXTargetDependency;
			target = 03BCCCA81F8B311600F604DB /* OmiseGO */;
			targetProxy = 03BCCCB41F8B311600F604DB /* PBXContainerItemProxy */;
		};
/* End PBXTargetDependency section */

/* Begin XCBuildConfiguration section */
		035149D81F95F2570056E530 /* Debug */ = {
			isa = XCBuildConfiguration;
			buildSettings = {
				CODE_SIGN_STYLE = Automatic;
				PRODUCT_NAME = "$(TARGET_NAME)";
			};
			name = Debug;
		};
		035149D91F95F2570056E530 /* Release */ = {
			isa = XCBuildConfiguration;
			buildSettings = {
				CODE_SIGN_STYLE = Automatic;
				PRODUCT_NAME = "$(TARGET_NAME)";
			};
			name = Release;
		};
		03BCCCBB1F8B311600F604DB /* Debug */ = {
			isa = XCBuildConfiguration;
			buildSettings = {
				ALWAYS_SEARCH_USER_PATHS = NO;
				CLANG_ANALYZER_NONNULL = YES;
				CLANG_ANALYZER_NUMBER_OBJECT_CONVERSION = YES_AGGRESSIVE;
				CLANG_CXX_LANGUAGE_STANDARD = "gnu++14";
				CLANG_CXX_LIBRARY = "libc++";
				CLANG_ENABLE_MODULES = YES;
				CLANG_ENABLE_OBJC_ARC = YES;
				CLANG_WARN_BLOCK_CAPTURE_AUTORELEASING = YES;
				CLANG_WARN_BOOL_CONVERSION = YES;
				CLANG_WARN_COMMA = YES;
				CLANG_WARN_CONSTANT_CONVERSION = YES;
				CLANG_WARN_DIRECT_OBJC_ISA_USAGE = YES_ERROR;
				CLANG_WARN_DOCUMENTATION_COMMENTS = YES;
				CLANG_WARN_EMPTY_BODY = YES;
				CLANG_WARN_ENUM_CONVERSION = YES;
				CLANG_WARN_INFINITE_RECURSION = YES;
				CLANG_WARN_INT_CONVERSION = YES;
				CLANG_WARN_NON_LITERAL_NULL_CONVERSION = YES;
				CLANG_WARN_OBJC_LITERAL_CONVERSION = YES;
				CLANG_WARN_OBJC_ROOT_CLASS = YES_ERROR;
				CLANG_WARN_RANGE_LOOP_ANALYSIS = YES;
				CLANG_WARN_STRICT_PROTOTYPES = YES;
				CLANG_WARN_SUSPICIOUS_MOVE = YES;
				CLANG_WARN_UNGUARDED_AVAILABILITY = YES_AGGRESSIVE;
				CLANG_WARN_UNREACHABLE_CODE = YES;
				CLANG_WARN__DUPLICATE_METHOD_MATCH = YES;
				CODE_SIGN_IDENTITY = "iPhone Developer";
				COPY_PHASE_STRIP = NO;
				CURRENT_PROJECT_VERSION = 1;
				DEBUG_INFORMATION_FORMAT = dwarf;
				ENABLE_STRICT_OBJC_MSGSEND = YES;
				ENABLE_TESTABILITY = YES;
				GCC_C_LANGUAGE_STANDARD = gnu11;
				GCC_DYNAMIC_NO_PIC = NO;
				GCC_NO_COMMON_BLOCKS = YES;
				GCC_OPTIMIZATION_LEVEL = 0;
				GCC_PREPROCESSOR_DEFINITIONS = (
					"DEBUG=1",
					"$(inherited)",
				);
				GCC_WARN_64_TO_32_BIT_CONVERSION = YES;
				GCC_WARN_ABOUT_RETURN_TYPE = YES_ERROR;
				GCC_WARN_UNDECLARED_SELECTOR = YES;
				GCC_WARN_UNINITIALIZED_AUTOS = YES_AGGRESSIVE;
				GCC_WARN_UNUSED_FUNCTION = YES;
				GCC_WARN_UNUSED_VARIABLE = YES;
				IPHONEOS_DEPLOYMENT_TARGET = 11.0;
				MTL_ENABLE_DEBUG_INFO = YES;
				ONLY_ACTIVE_ARCH = YES;
				SDKROOT = iphoneos;
				SWIFT_ACTIVE_COMPILATION_CONDITIONS = DEBUG;
				SWIFT_OPTIMIZATION_LEVEL = "-Onone";
				VERSIONING_SYSTEM = "apple-generic";
				VERSION_INFO_PREFIX = "";
			};
			name = Debug;
		};
		03BCCCBC1F8B311600F604DB /* Release */ = {
			isa = XCBuildConfiguration;
			buildSettings = {
				ALWAYS_SEARCH_USER_PATHS = NO;
				CLANG_ANALYZER_NONNULL = YES;
				CLANG_ANALYZER_NUMBER_OBJECT_CONVERSION = YES_AGGRESSIVE;
				CLANG_CXX_LANGUAGE_STANDARD = "gnu++14";
				CLANG_CXX_LIBRARY = "libc++";
				CLANG_ENABLE_MODULES = YES;
				CLANG_ENABLE_OBJC_ARC = YES;
				CLANG_WARN_BLOCK_CAPTURE_AUTORELEASING = YES;
				CLANG_WARN_BOOL_CONVERSION = YES;
				CLANG_WARN_COMMA = YES;
				CLANG_WARN_CONSTANT_CONVERSION = YES;
				CLANG_WARN_DIRECT_OBJC_ISA_USAGE = YES_ERROR;
				CLANG_WARN_DOCUMENTATION_COMMENTS = YES;
				CLANG_WARN_EMPTY_BODY = YES;
				CLANG_WARN_ENUM_CONVERSION = YES;
				CLANG_WARN_INFINITE_RECURSION = YES;
				CLANG_WARN_INT_CONVERSION = YES;
				CLANG_WARN_NON_LITERAL_NULL_CONVERSION = YES;
				CLANG_WARN_OBJC_LITERAL_CONVERSION = YES;
				CLANG_WARN_OBJC_ROOT_CLASS = YES_ERROR;
				CLANG_WARN_RANGE_LOOP_ANALYSIS = YES;
				CLANG_WARN_STRICT_PROTOTYPES = YES;
				CLANG_WARN_SUSPICIOUS_MOVE = YES;
				CLANG_WARN_UNGUARDED_AVAILABILITY = YES_AGGRESSIVE;
				CLANG_WARN_UNREACHABLE_CODE = YES;
				CLANG_WARN__DUPLICATE_METHOD_MATCH = YES;
				CODE_SIGN_IDENTITY = "iPhone Developer";
				COPY_PHASE_STRIP = NO;
				CURRENT_PROJECT_VERSION = 1;
				DEBUG_INFORMATION_FORMAT = "dwarf-with-dsym";
				ENABLE_NS_ASSERTIONS = NO;
				ENABLE_STRICT_OBJC_MSGSEND = YES;
				GCC_C_LANGUAGE_STANDARD = gnu11;
				GCC_NO_COMMON_BLOCKS = YES;
				GCC_WARN_64_TO_32_BIT_CONVERSION = YES;
				GCC_WARN_ABOUT_RETURN_TYPE = YES_ERROR;
				GCC_WARN_UNDECLARED_SELECTOR = YES;
				GCC_WARN_UNINITIALIZED_AUTOS = YES_AGGRESSIVE;
				GCC_WARN_UNUSED_FUNCTION = YES;
				GCC_WARN_UNUSED_VARIABLE = YES;
				IPHONEOS_DEPLOYMENT_TARGET = 11.0;
				MTL_ENABLE_DEBUG_INFO = NO;
				SDKROOT = iphoneos;
				SWIFT_OPTIMIZATION_LEVEL = "-Owholemodule";
				VALIDATE_PRODUCT = YES;
				VERSIONING_SYSTEM = "apple-generic";
				VERSION_INFO_PREFIX = "";
			};
			name = Release;
		};
		03BCCCBE1F8B311600F604DB /* Debug */ = {
			isa = XCBuildConfiguration;
			buildSettings = {
				APPLICATION_EXTENSION_API_ONLY = YES;
				CLANG_ENABLE_MODULES = YES;
				CODE_SIGN_IDENTITY = "";
				"CODE_SIGN_IDENTITY[sdk=iphoneos*]" = "";
				CODE_SIGN_STYLE = Manual;
				DEFINES_MODULE = YES;
				DEVELOPMENT_TEAM = "";
				DYLIB_COMPATIBILITY_VERSION = 1;
				DYLIB_CURRENT_VERSION = 1;
				DYLIB_INSTALL_NAME_BASE = "@rpath";
				INFOPLIST_FILE = "$(SRCROOT)/Source/Info.plist";
				INSTALL_PATH = "$(LOCAL_LIBRARY_DIR)/Frameworks";
				IPHONEOS_DEPLOYMENT_TARGET = 9.0;
				LD_RUNPATH_SEARCH_PATHS = "$(inherited) @executable_path/Frameworks @loader_path/Frameworks";
				PRODUCT_BUNDLE_IDENTIFIER = co.omisego.OmiseGO;
				PRODUCT_NAME = "$(TARGET_NAME:c99extidentifier)";
				PROVISIONING_PROFILE_SPECIFIER = "";
				SKIP_INSTALL = YES;
				SWIFT_OPTIMIZATION_LEVEL = "-Onone";
				SWIFT_VERSION = 4.0;
				TARGETED_DEVICE_FAMILY = "1,2";
			};
			name = Debug;
		};
		03BCCCBF1F8B311600F604DB /* Release */ = {
			isa = XCBuildConfiguration;
			buildSettings = {
				APPLICATION_EXTENSION_API_ONLY = YES;
				CLANG_ENABLE_MODULES = YES;
				CODE_SIGN_IDENTITY = "";
				"CODE_SIGN_IDENTITY[sdk=iphoneos*]" = "";
				CODE_SIGN_STYLE = Manual;
				DEFINES_MODULE = YES;
				DEVELOPMENT_TEAM = "";
				DYLIB_COMPATIBILITY_VERSION = 1;
				DYLIB_CURRENT_VERSION = 1;
				DYLIB_INSTALL_NAME_BASE = "@rpath";
				INFOPLIST_FILE = "$(SRCROOT)/Source/Info.plist";
				INSTALL_PATH = "$(LOCAL_LIBRARY_DIR)/Frameworks";
				IPHONEOS_DEPLOYMENT_TARGET = 9.0;
				LD_RUNPATH_SEARCH_PATHS = "$(inherited) @executable_path/Frameworks @loader_path/Frameworks";
				PRODUCT_BUNDLE_IDENTIFIER = co.omisego.OmiseGO;
				PRODUCT_NAME = "$(TARGET_NAME:c99extidentifier)";
				PROVISIONING_PROFILE_SPECIFIER = "";
				SKIP_INSTALL = YES;
				SWIFT_VERSION = 4.0;
				TARGETED_DEVICE_FAMILY = "1,2";
			};
			name = Release;
		};
		03BCCCC11F8B311600F604DB /* Debug */ = {
			isa = XCBuildConfiguration;
			buildSettings = {
				ALWAYS_EMBED_SWIFT_STANDARD_LIBRARIES = YES;
				CODE_SIGN_STYLE = Manual;
				DEVELOPMENT_TEAM = "";
				INFOPLIST_FILE = OmiseGOTests/Info.plist;
				LD_RUNPATH_SEARCH_PATHS = "$(inherited) @executable_path/Frameworks @loader_path/Frameworks";
				PRODUCT_BUNDLE_IDENTIFIER = co.omisego.OmiseGOTests;
				PRODUCT_NAME = "$(TARGET_NAME)";
				PROVISIONING_PROFILE_SPECIFIER = "";
				SWIFT_VERSION = 4.0;
				TARGETED_DEVICE_FAMILY = "1,2";
			};
			name = Debug;
		};
		03BCCCC21F8B311600F604DB /* Release */ = {
			isa = XCBuildConfiguration;
			buildSettings = {
				ALWAYS_EMBED_SWIFT_STANDARD_LIBRARIES = YES;
				CODE_SIGN_STYLE = Manual;
				DEVELOPMENT_TEAM = "";
				INFOPLIST_FILE = OmiseGOTests/Info.plist;
				LD_RUNPATH_SEARCH_PATHS = "$(inherited) @executable_path/Frameworks @loader_path/Frameworks";
				PRODUCT_BUNDLE_IDENTIFIER = co.omisego.OmiseGOTests;
				PRODUCT_NAME = "$(TARGET_NAME)";
				PROVISIONING_PROFILE_SPECIFIER = "";
				SWIFT_VERSION = 4.0;
				TARGETED_DEVICE_FAMILY = "1,2";
			};
			name = Release;
		};
/* End XCBuildConfiguration section */

/* Begin XCConfigurationList section */
		035149D71F95F2570056E530 /* Build configuration list for PBXAggregateTarget "UniversalOmiseGO" */ = {
			isa = XCConfigurationList;
			buildConfigurations = (
				035149D81F95F2570056E530 /* Debug */,
				035149D91F95F2570056E530 /* Release */,
			);
			defaultConfigurationIsVisible = 0;
			defaultConfigurationName = Release;
		};
		03BCCCA31F8B311600F604DB /* Build configuration list for PBXProject "OmiseGO" */ = {
			isa = XCConfigurationList;
			buildConfigurations = (
				03BCCCBB1F8B311600F604DB /* Debug */,
				03BCCCBC1F8B311600F604DB /* Release */,
			);
			defaultConfigurationIsVisible = 0;
			defaultConfigurationName = Release;
		};
		03BCCCBD1F8B311600F604DB /* Build configuration list for PBXNativeTarget "OmiseGO" */ = {
			isa = XCConfigurationList;
			buildConfigurations = (
				03BCCCBE1F8B311600F604DB /* Debug */,
				03BCCCBF1F8B311600F604DB /* Release */,
			);
			defaultConfigurationIsVisible = 0;
			defaultConfigurationName = Release;
		};
		03BCCCC01F8B311600F604DB /* Build configuration list for PBXNativeTarget "OmiseGOTests" */ = {
			isa = XCConfigurationList;
			buildConfigurations = (
				03BCCCC11F8B311600F604DB /* Debug */,
				03BCCCC21F8B311600F604DB /* Release */,
			);
			defaultConfigurationIsVisible = 0;
			defaultConfigurationName = Release;
		};
/* End XCConfigurationList section */
	};
	rootObject = 03BCCCA01F8B311600F604DB /* Project object */;
}
