// !$*UTF8*$!
{
	archiveVersion = 1;
	classes = {
	};
	objectVersion = 48;
	objects = {

/* Begin PBXBuildFile section */
		0313D6D720317696003E99BA /* QRReader.swift in Sources */ = {isa = PBXBuildFile; fileRef = 0313D6D120317695003E99BA /* QRReader.swift */; };
		0313D6D820317696003E99BA /* QRScannerView.swift in Sources */ = {isa = PBXBuildFile; fileRef = 0313D6D220317695003E99BA /* QRScannerView.swift */; };
		0313D6D920317696003E99BA /* QRScannerViewModel.swift in Sources */ = {isa = PBXBuildFile; fileRef = 0313D6D320317695003E99BA /* QRScannerViewModel.swift */; };
		0313D6DA20317696003E99BA /* QRScannerOverlayView.swift in Sources */ = {isa = PBXBuildFile; fileRef = 0313D6D420317695003E99BA /* QRScannerOverlayView.swift */; };
		0313D6DB20317696003E99BA /* QRScannerLoadingView.swift in Sources */ = {isa = PBXBuildFile; fileRef = 0313D6D520317695003E99BA /* QRScannerLoadingView.swift */; };
		0313D6DC20317696003E99BA /* QRScannerViewController.swift in Sources */ = {isa = PBXBuildFile; fileRef = 0313D6D620317695003E99BA /* QRScannerViewController.swift */; };
		0313D6DE203176AC003E99BA /* QRGenerator.swift in Sources */ = {isa = PBXBuildFile; fileRef = 0313D6DD203176AC003E99BA /* QRGenerator.swift */; };
		031443021F8CAD56003DD5BE /* ResponseFixtureTest.swift in Sources */ = {isa = PBXBuildFile; fileRef = 031443011F8CAD56003DD5BE /* ResponseFixtureTest.swift */; };
		031863FD1F8F678300D13862 /* SettingFixtureTests.swift in Sources */ = {isa = PBXBuildFile; fileRef = 031863FC1F8F678300D13862 /* SettingFixtureTests.swift */; };
		031BB1101F9861AD0095468F /* FixtureTestCase.swift in Sources */ = {isa = PBXBuildFile; fileRef = 031BB10E1F9861AD0095468F /* FixtureTestCase.swift */; };
		031DEFC920D3B2B5006CBB21 /* OMGNumberFormatter.swift in Sources */ = {isa = PBXBuildFile; fileRef = 031DEFC720D3B2B0006CBB21 /* OMGNumberFormatter.swift */; };
		031EA6842071DD8C00A34D16 /* DummyObject.swift in Sources */ = {isa = PBXBuildFile; fileRef = 031EA6832071DD8B00A34D16 /* DummyObject.swift */; };
		031EA6902071DE8000A34D16 /* APIEndpointTest.swift in Sources */ = {isa = PBXBuildFile; fileRef = 031EA6862071DE7F00A34D16 /* APIEndpointTest.swift */; };
		031EA6912071DE8000A34D16 /* RequestTest.swift in Sources */ = {isa = PBXBuildFile; fileRef = 031EA6872071DE7F00A34D16 /* RequestTest.swift */; };
		031EA6922071DE8000A34D16 /* HTTPClientTests.swift in Sources */ = {isa = PBXBuildFile; fileRef = 031EA6882071DE7F00A34D16 /* HTTPClientTests.swift */; };
		031EA6932071DE8000A34D16 /* EncodeTests.swift in Sources */ = {isa = PBXBuildFile; fileRef = 031EA68A2071DE7F00A34D16 /* EncodeTests.swift */; };
		031EA6942071DE8000A34D16 /* DecodeTests.swift in Sources */ = {isa = PBXBuildFile; fileRef = 031EA68B2071DE7F00A34D16 /* DecodeTests.swift */; };
		031EA6952071DE8000A34D16 /* APIErrorTests.swift in Sources */ = {isa = PBXBuildFile; fileRef = 031EA68D2071DE7F00A34D16 /* APIErrorTests.swift */; };
		031EA6972071DE8000A34D16 /* RequestBuilderTests.swift in Sources */ = {isa = PBXBuildFile; fileRef = 031EA68F2071DE7F00A34D16 /* RequestBuilderTests.swift */; };
		031EA6A52071DEC800A34D16 /* SocketDispatcherTests.swift in Sources */ = {isa = PBXBuildFile; fileRef = 031EA6992071DEC700A34D16 /* SocketDispatcherTests.swift */; };
		031EA6A62071DEC800A34D16 /* FixtureSocketClient.swift in Sources */ = {isa = PBXBuildFile; fileRef = 031EA69A2071DEC700A34D16 /* FixtureSocketClient.swift */; };
		031EA6A72071DEC800A34D16 /* SocketClientTests.swift in Sources */ = {isa = PBXBuildFile; fileRef = 031EA69B2071DEC700A34D16 /* SocketClientTests.swift */; };
		031EA6A82071DEC800A34D16 /* SocketChannelTests.swift in Sources */ = {isa = PBXBuildFile; fileRef = 031EA69C2071DEC700A34D16 /* SocketChannelTests.swift */; };
		031EA6A92071DEC800A34D16 /* SocketMessageTests.swift in Sources */ = {isa = PBXBuildFile; fileRef = 031EA69D2071DEC700A34D16 /* SocketMessageTests.swift */; };
		031EA6AA2071DEC800A34D16 /* QRGeneratorTest.swift in Sources */ = {isa = PBXBuildFile; fileRef = 031EA69F2071DEC800A34D16 /* QRGeneratorTest.swift */; };
		031EA6AB2071DEC800A34D16 /* QRScannerViewTest.swift in Sources */ = {isa = PBXBuildFile; fileRef = 031EA6A02071DEC800A34D16 /* QRScannerViewTest.swift */; };
		031EA6AC2071DEC800A34D16 /* MockQRReader.swift in Sources */ = {isa = PBXBuildFile; fileRef = 031EA6A12071DEC800A34D16 /* MockQRReader.swift */; };
		031EA6AD2071DEC800A34D16 /* QRScannerViewModelTest.swift in Sources */ = {isa = PBXBuildFile; fileRef = 031EA6A22071DEC800A34D16 /* QRScannerViewModelTest.swift */; };
		031EA6AE2071DEC800A34D16 /* QRScannerViewControllerTest.swift in Sources */ = {isa = PBXBuildFile; fileRef = 031EA6A32071DEC800A34D16 /* QRScannerViewControllerTest.swift */; };
		031EA6AF2071DEC800A34D16 /* QRReaderTest.swift in Sources */ = {isa = PBXBuildFile; fileRef = 031EA6A42071DEC800A34D16 /* QRReaderTest.swift */; };
		031EA6B12071DF6500A34D16 /* LiveTestCase.swift in Sources */ = {isa = PBXBuildFile; fileRef = 031EA6B02071DF6500A34D16 /* LiveTestCase.swift */; };
		03317D7A20D77BB400BA60DB /* Codable.swift in Sources */ = {isa = PBXBuildFile; fileRef = 03317D7920D77BB400BA60DB /* Codable.swift */; };
		03317D7C20D77D7400BA60DB /* BigUIntDummy.swift in Sources */ = {isa = PBXBuildFile; fileRef = 03317D7B20D77D7400BA60DB /* BigUIntDummy.swift */; };
		0334869E2036C7EC0013B37A /* StubGenerator.swift in Sources */ = {isa = PBXBuildFile; fileRef = 0334869D2036C7EC0013B37A /* StubGenerator.swift */; };
		033522301FB5A5BF00BCBD11 /* WalletLiveTests.swift in Sources */ = {isa = PBXBuildFile; fileRef = 0335222F1FB5A5BF00BCBD11 /* WalletLiveTests.swift */; };
		033522321FB5A7D800BCBD11 /* SettingLiveTests.swift in Sources */ = {isa = PBXBuildFile; fileRef = 033522311FB5A7D800BCBD11 /* SettingLiveTests.swift */; };
		0339810120E0C52300CA3A0D /* DecodingFixtureTests.swift in Sources */ = {isa = PBXBuildFile; fileRef = 0339810020E0C52300CA3A0D /* DecodingFixtureTests.swift */; };
		0345BE251F96FD9C00B4CA16 /* UserLiveTests.swift in Sources */ = {isa = PBXBuildFile; fileRef = 0345BE241F96FD9C00B4CA16 /* UserLiveTests.swift */; };
		0345BE291F96FE8C00B4CA16 /* ResponseLiveTest.swift in Sources */ = {isa = PBXBuildFile; fileRef = 0345BE281F96FE8C00B4CA16 /* ResponseLiveTest.swift */; };
		034BAC112057DDB7005E0CD3 /* SocketObject.swift in Sources */ = {isa = PBXBuildFile; fileRef = 034BAC102057DDB7005E0CD3 /* SocketObject.swift */; };
		034FA0441FA31C930033B8D1 /* LogoutFixtureTests.swift in Sources */ = {isa = PBXBuildFile; fileRef = 034FA0431FA31C930033B8D1 /* LogoutFixtureTests.swift */; };
		0355969920453069000E38DA /* TransactionSource.swift in Sources */ = {isa = PBXBuildFile; fileRef = 0355969820453069000E38DA /* TransactionSource.swift */; };
		0355969B2045315F000E38DA /* TransactionExchange.swift in Sources */ = {isa = PBXBuildFile; fileRef = 0355969A2045315F000E38DA /* TransactionExchange.swift */; };
		036128A020872E7D00E13514 /* Account.swift in Sources */ = {isa = PBXBuildFile; fileRef = 0361289F20872E7D00E13514 /* Account.swift */; };
		036128A22087315D00E13514 /* Avatar.swift in Sources */ = {isa = PBXBuildFile; fileRef = 036128A12087315D00E13514 /* Avatar.swift */; };
		0365DE832028508900F7B42E /* TransactionRequestParams.swift in Sources */ = {isa = PBXBuildFile; fileRef = 0365DE822028508900F7B42E /* TransactionRequestParams.swift */; };
		0365DE8520285FE700F7B42E /* TransactionRequest.swift in Sources */ = {isa = PBXBuildFile; fileRef = 0365DE8420285FE700F7B42E /* TransactionRequest.swift */; };
		0365F4F120565011000DA61A /* Listenable.swift in Sources */ = {isa = PBXBuildFile; fileRef = 0365F4F020565011000DA61A /* Listenable.swift */; };
		037032A51FBBE6B100DBCDDD /* OmiseGO.h in Headers */ = {isa = PBXBuildFile; fileRef = 0370328D1FBBE6B100DBCDDD /* OmiseGO.h */; settings = {ATTRIBUTES = (Public, ); }; };
		037032A61FBBE6B100DBCDDD /* JSONResponse.swift in Sources */ = {isa = PBXBuildFile; fileRef = 0370328F1FBBE6B100DBCDDD /* JSONResponse.swift */; };
		037032A71FBBE6B100DBCDDD /* JSONListResponse.swift in Sources */ = {isa = PBXBuildFile; fileRef = 037032901FBBE6B100DBCDDD /* JSONListResponse.swift */; };
		037032A81FBBE6B100DBCDDD /* Setting.swift in Sources */ = {isa = PBXBuildFile; fileRef = 037032911FBBE6B100DBCDDD /* Setting.swift */; };
		037032A91FBBE6B100DBCDDD /* Wallet.swift in Sources */ = {isa = PBXBuildFile; fileRef = 037032921FBBE6B100DBCDDD /* Wallet.swift */; };
		037032AA1FBBE6B100DBCDDD /* User.swift in Sources */ = {isa = PBXBuildFile; fileRef = 037032931FBBE6B100DBCDDD /* User.swift */; };
		037032AB1FBBE6B100DBCDDD /* Balance.swift in Sources */ = {isa = PBXBuildFile; fileRef = 037032941FBBE6B100DBCDDD /* Balance.swift */; };
		037032AC1FBBE6B100DBCDDD /* Reponse.swift in Sources */ = {isa = PBXBuildFile; fileRef = 037032951FBBE6B100DBCDDD /* Reponse.swift */; };
		037032AD1FBBE6B100DBCDDD /* Object.swift in Sources */ = {isa = PBXBuildFile; fileRef = 037032961FBBE6B100DBCDDD /* Object.swift */; };
		037032AE1FBBE6B100DBCDDD /* Token.swift in Sources */ = {isa = PBXBuildFile; fileRef = 037032971FBBE6B100DBCDDD /* Token.swift */; };
		037032AF1FBBE6B100DBCDDD /* Retrievable.swift in Sources */ = {isa = PBXBuildFile; fileRef = 037032991FBBE6B100DBCDDD /* Retrievable.swift */; };
		037032B01FBBE6B100DBCDDD /* Listable.swift in Sources */ = {isa = PBXBuildFile; fileRef = 0370329A1FBBE6B100DBCDDD /* Listable.swift */; };
		037032B11FBBE6B100DBCDDD /* ClientConfiguration.swift in Sources */ = {isa = PBXBuildFile; fileRef = 0370329C1FBBE6B100DBCDDD /* ClientConfiguration.swift */; };
		037032B21FBBE6B100DBCDDD /* APIError.swift in Sources */ = {isa = PBXBuildFile; fileRef = 0370329D1FBBE6B100DBCDDD /* APIError.swift */; };
		037032B31FBBE6B100DBCDDD /* HTTPClient.swift in Sources */ = {isa = PBXBuildFile; fileRef = 0370329E1FBBE6B100DBCDDD /* HTTPClient.swift */; };
		037032B51FBBE6B100DBCDDD /* APIEndpoint.swift in Sources */ = {isa = PBXBuildFile; fileRef = 037032A01FBBE6B100DBCDDD /* APIEndpoint.swift */; };
		037032B81FBBE6B100DBCDDD /* Request.swift in Sources */ = {isa = PBXBuildFile; fileRef = 037032A31FBBE6B100DBCDDD /* Request.swift */; };
		037032BC1FBBE7A300DBCDDD /* Tool.swift in Sources */ = {isa = PBXBuildFile; fileRef = 037032BB1FBBE7A300DBCDDD /* Tool.swift */; };
		0370519E2040756F009FD899 /* secret.plist in Resources */ = {isa = PBXBuildFile; fileRef = 0370519D2040756F009FD899 /* secret.plist */; };
		037051A020407D4A009FD899 /* TransactionRequestLiveTests.swift in Sources */ = {isa = PBXBuildFile; fileRef = 0370519F20407D4A009FD899 /* TransactionRequestLiveTests.swift */; };
		0370ADC520C634F600942AD5 /* QREncodable.swift in Sources */ = {isa = PBXBuildFile; fileRef = 0370ADC420C634F600942AD5 /* QREncodable.swift */; };
		0371E0BE2062377600A75BCC /* TransactionRequestParamsTest.swift in Sources */ = {isa = PBXBuildFile; fileRef = 0371E0BD2062377600A75BCC /* TransactionRequestParamsTest.swift */; };
		0377EB70205228730036A9D6 /* SocketDelegate.swift in Sources */ = {isa = PBXBuildFile; fileRef = 0377EB6F205228730036A9D6 /* SocketDelegate.swift */; };
		0377EBAE20564E7A0036A9D6 /* SocketClient.swift in Sources */ = {isa = PBXBuildFile; fileRef = 0377EBAB20564E7A0036A9D6 /* SocketClient.swift */; };
		0377EBAF20564E7A0036A9D6 /* SocketMessage.swift in Sources */ = {isa = PBXBuildFile; fileRef = 0377EBAC20564E7A0036A9D6 /* SocketMessage.swift */; };
		0377EBB020564E7A0036A9D6 /* SocketChannel.swift in Sources */ = {isa = PBXBuildFile; fileRef = 0377EBAD20564E7A0036A9D6 /* SocketChannel.swift */; };
		0377EBB220564ECF0036A9D6 /* SocketPayload.swift in Sources */ = {isa = PBXBuildFile; fileRef = 0377EBB120564ECF0036A9D6 /* SocketPayload.swift */; };
		037BAA99205F64CC004A3952 /* SocketDispatcher.swift in Sources */ = {isa = PBXBuildFile; fileRef = 037BAA98205F64CC004A3952 /* SocketDispatcher.swift */; };
		037BAA9B205F701F004A3952 /* RequestBuilder.swift in Sources */ = {isa = PBXBuildFile; fileRef = 037BAA9A205F701E004A3952 /* RequestBuilder.swift */; };
		037D6A9F20B2541700F02CC8 /* TransactionParams.swift in Sources */ = {isa = PBXBuildFile; fileRef = 037D6A9E20B2541700F02CC8 /* TransactionParams.swift */; };
		038A42561F8DE786001A00E0 /* UserFixtureTests.swift in Sources */ = {isa = PBXBuildFile; fileRef = 038A42551F8DE786001A00E0 /* UserFixtureTests.swift */; };
		038CB3E5202AE93900E40715 /* QRTestHelper.swift in Sources */ = {isa = PBXBuildFile; fileRef = 038CB3E4202AE93900E40715 /* QRTestHelper.swift */; };
		038CB3E7202AF81900E40715 /* TransactionConsumptionParams.swift in Sources */ = {isa = PBXBuildFile; fileRef = 038CB3E6202AF81900E40715 /* TransactionConsumptionParams.swift */; };
		038CB3E9202B02B300E40715 /* TransactionConsumptionParamsTest.swift in Sources */ = {isa = PBXBuildFile; fileRef = 038CB3E8202B02B300E40715 /* TransactionConsumptionParamsTest.swift */; };
		0390B2482028652400B1F65E /* TransactionRequestTest.swift in Sources */ = {isa = PBXBuildFile; fileRef = 0390B2472028652400B1F65E /* TransactionRequestTest.swift */; };
		03939D9020286B9E00F65F20 /* TransactionRequestFixtureTests.swift in Sources */ = {isa = PBXBuildFile; fileRef = 03939D8F20286B9E00F65F20 /* TransactionRequestFixtureTests.swift */; };
		039656A92064D3B20073951A /* DummyWebSocketDelegate.swift in Sources */ = {isa = PBXBuildFile; fileRef = 039656A82064D3B20073951A /* DummyWebSocketDelegate.swift */; };
		0396627E203FFD6B004E5640 /* Extension.swift in Sources */ = {isa = PBXBuildFile; fileRef = 0396627D203FFD6B004E5640 /* Extension.swift */; };
		03966280203FFF3E004E5640 /* TransactionFixtureTests.swift in Sources */ = {isa = PBXBuildFile; fileRef = 0396627F203FFF3E004E5640 /* TransactionFixtureTests.swift */; };
		03966282204005E8004E5640 /* TransactionLiveTests.swift in Sources */ = {isa = PBXBuildFile; fileRef = 03966281204005E8004E5640 /* TransactionLiveTests.swift */; };
		0396628420400CE8004E5640 /* TransactionTest.swift in Sources */ = {isa = PBXBuildFile; fileRef = 0396628320400CE8004E5640 /* TransactionTest.swift */; };
		039DA973203FA72800CCC56A /* Transaction.swift in Sources */ = {isa = PBXBuildFile; fileRef = 039DA972203FA72800CCC56A /* Transaction.swift */; };
		039DA975203FA94100CCC56A /* PaginationParams.swift in Sources */ = {isa = PBXBuildFile; fileRef = 039DA974203FA94100CCC56A /* PaginationParams.swift */; };
		039DA977203FAB0600CCC56A /* TransactionListParams.swift in Sources */ = {isa = PBXBuildFile; fileRef = 039DA976203FAB0600CCC56A /* TransactionListParams.swift */; };
		039DA979203FB53F00CCC56A /* Pagination.swift in Sources */ = {isa = PBXBuildFile; fileRef = 039DA978203FB53F00CCC56A /* Pagination.swift */; };
		03AA99AB20D7AFE100AFF1F8 /* OMGNumberFormatterTests.swift in Sources */ = {isa = PBXBuildFile; fileRef = 03AA99AA20D7AFE100AFF1F8 /* OMGNumberFormatterTests.swift */; };
		03B1E7392040127600134CB4 /* DateDummy.swift in Sources */ = {isa = PBXBuildFile; fileRef = 03B1E7382040127600134CB4 /* DateDummy.swift */; };
		03B294D420E6093D0053B118 /* ExchangePair.swift in Sources */ = {isa = PBXBuildFile; fileRef = 03B294D320E6093D0053B118 /* ExchangePair.swift */; };
		03B294D620E6416F0053B118 /* ExchangePairTest.swift in Sources */ = {isa = PBXBuildFile; fileRef = 03B294D520E6416F0053B118 /* ExchangePairTest.swift */; };
		03BCCCB31F8B311600F604DB /* OmiseGO.framework in Frameworks */ = {isa = PBXBuildFile; fileRef = 03BCCCA91F8B311600F604DB /* OmiseGO.framework */; };
		03C2C07D1FB97F9C00B794AC /* RequestFixtureTest.swift in Sources */ = {isa = PBXBuildFile; fileRef = 03C2C07C1FB97F9C00B794AC /* RequestFixtureTest.swift */; };
		03CEF4BF1FB012FB009B8CEB /* FixtureClient.swift in Sources */ = {isa = PBXBuildFile; fileRef = 03CEF4BE1FB012FB009B8CEB /* FixtureClient.swift */; };
		03CEF4C11FB01CB5009B8CEB /* AuthenticationLiveTest.swift in Sources */ = {isa = PBXBuildFile; fileRef = 03CEF4C01FB01CB5009B8CEB /* AuthenticationLiveTest.swift */; };
		03D793B4204FA2490055D7BC /* ToolsTests.swift in Sources */ = {isa = PBXBuildFile; fileRef = 03D793B3204FA2490055D7BC /* ToolsTests.swift */; };
		03D793B6204FE1080055D7BC /* ListableTests.swift in Sources */ = {isa = PBXBuildFile; fileRef = 03D793B5204FE1080055D7BC /* ListableTests.swift */; };
		03D793B8204FE1D90055D7BC /* ListableDummy.swift in Sources */ = {isa = PBXBuildFile; fileRef = 03D793B7204FE1D90055D7BC /* ListableDummy.swift */; };
		03DE596B2089C35500E5AE6D /* AccountTest.swift in Sources */ = {isa = PBXBuildFile; fileRef = 03DE596A2089C35500E5AE6D /* AccountTest.swift */; };
		03DE596D2089CAEF00E5AE6D /* OMGError.swift in Sources */ = {isa = PBXBuildFile; fileRef = 03DE596C2089CAEF00E5AE6D /* OMGError.swift */; };
		03DE596F2089CC9E00E5AE6D /* OMGErrorTests.swift in Sources */ = {isa = PBXBuildFile; fileRef = 03DE596E2089CC9E00E5AE6D /* OMGErrorTests.swift */; };
		03E8E6732060C5320036CC9E /* SocketEvent.swift in Sources */ = {isa = PBXBuildFile; fileRef = 03E8E6722060C5320036CC9E /* SocketEvent.swift */; };
		03F119CC2063A31E00C1772C /* DummySocketEventDelegate.swift in Sources */ = {isa = PBXBuildFile; fileRef = 03F119CB2063A31E00C1772C /* DummySocketEventDelegate.swift */; };
		03F5C0111F8CB1F80079E073 /* Fixtures in Resources */ = {isa = PBXBuildFile; fileRef = 03F5C0101F8CB19D0079E073 /* Fixtures */; };
		03F6B9BF203FC38700BB202C /* PaginableDummy.swift in Sources */ = {isa = PBXBuildFile; fileRef = 03F6B9BE203FC38700BB202C /* PaginableDummy.swift */; };
		03F84C661FC2883100F21C7B /* WalletTests.swift in Sources */ = {isa = PBXBuildFile; fileRef = 03F84C651FC2883100F21C7B /* WalletTests.swift */; };
		03F84C681FC2886700F21C7B /* BalanceTests.swift in Sources */ = {isa = PBXBuildFile; fileRef = 03F84C671FC2886600F21C7B /* BalanceTests.swift */; };
		03F84C6A1FC28D5E00F21C7B /* UserTests.swift in Sources */ = {isa = PBXBuildFile; fileRef = 03F84C691FC28D5E00F21C7B /* UserTests.swift */; };
		03F84C6C1FC292AD00F21C7B /* TokenTests.swift in Sources */ = {isa = PBXBuildFile; fileRef = 03F84C6B1FC292AD00F21C7B /* TokenTests.swift */; };
		03FE64492032960200345281 /* MetadataDummy.swift in Sources */ = {isa = PBXBuildFile; fileRef = 03FE64482032960200345281 /* MetadataDummy.swift */; };
		03FE644C2032A8FE00345281 /* TransactionConsumption.swift in Sources */ = {isa = PBXBuildFile; fileRef = 03FE644A2032A39100345281 /* TransactionConsumption.swift */; };
		03FE644E2032AA7400345281 /* TransactionConsumptionFixtureTests.swift in Sources */ = {isa = PBXBuildFile; fileRef = 03FE644D2032AA7400345281 /* TransactionConsumptionFixtureTests.swift */; };
		03FE64502032C6BF00345281 /* TransactionConsumptionTest.swift in Sources */ = {isa = PBXBuildFile; fileRef = 03FE644F2032C6BF00345281 /* TransactionConsumptionTest.swift */; };
		0722AF18088B1D5B0C533D3A /* Pods_OmiseGO.framework in Frameworks */ = {isa = PBXBuildFile; fileRef = F8F3D88392040FB15FD17E51 /* Pods_OmiseGO.framework */; };
		1AEE963020A564E600FCC886 /* HTTPTask.swift in Sources */ = {isa = PBXBuildFile; fileRef = 1AEE962F20A564E600FCC886 /* HTTPTask.swift */; };
		217782191FB5579F002CBCA7 /* WalletFixtureTests.swift in Sources */ = {isa = PBXBuildFile; fileRef = 217782181FB5579F002CBCA7 /* WalletFixtureTests.swift */; };
		BF75AB0B369A0CA5C06904BC /* Pods_OmiseGOTests.framework in Frameworks */ = {isa = PBXBuildFile; fileRef = 011BAF3F039E5A5B688B5C4F /* Pods_OmiseGOTests.framework */; };
/* End PBXBuildFile section */

/* Begin PBXContainerItemProxy section */
		03BCCCB41F8B311600F604DB /* PBXContainerItemProxy */ = {
			isa = PBXContainerItemProxy;
			containerPortal = 03BCCCA01F8B311600F604DB /* Project object */;
			proxyType = 1;
			remoteGlobalIDString = 03BCCCA81F8B311600F604DB;
			remoteInfo = OmiseGO;
		};
/* End PBXContainerItemProxy section */

/* Begin PBXFileReference section */
		011BAF3F039E5A5B688B5C4F /* Pods_OmiseGOTests.framework */ = {isa = PBXFileReference; explicitFileType = wrapper.framework; includeInIndex = 0; path = Pods_OmiseGOTests.framework; sourceTree = BUILT_PRODUCTS_DIR; };
		0313D6D120317695003E99BA /* QRReader.swift */ = {isa = PBXFileReference; fileEncoding = 4; lastKnownFileType = sourcecode.swift; path = QRReader.swift; sourceTree = "<group>"; };
		0313D6D220317695003E99BA /* QRScannerView.swift */ = {isa = PBXFileReference; fileEncoding = 4; lastKnownFileType = sourcecode.swift; path = QRScannerView.swift; sourceTree = "<group>"; };
		0313D6D320317695003E99BA /* QRScannerViewModel.swift */ = {isa = PBXFileReference; fileEncoding = 4; lastKnownFileType = sourcecode.swift; path = QRScannerViewModel.swift; sourceTree = "<group>"; };
		0313D6D420317695003E99BA /* QRScannerOverlayView.swift */ = {isa = PBXFileReference; fileEncoding = 4; lastKnownFileType = sourcecode.swift; path = QRScannerOverlayView.swift; sourceTree = "<group>"; };
		0313D6D520317695003E99BA /* QRScannerLoadingView.swift */ = {isa = PBXFileReference; fileEncoding = 4; lastKnownFileType = sourcecode.swift; path = QRScannerLoadingView.swift; sourceTree = "<group>"; };
		0313D6D620317695003E99BA /* QRScannerViewController.swift */ = {isa = PBXFileReference; fileEncoding = 4; lastKnownFileType = sourcecode.swift; path = QRScannerViewController.swift; sourceTree = "<group>"; };
		0313D6DD203176AC003E99BA /* QRGenerator.swift */ = {isa = PBXFileReference; fileEncoding = 4; lastKnownFileType = sourcecode.swift; path = QRGenerator.swift; sourceTree = "<group>"; };
		031443011F8CAD56003DD5BE /* ResponseFixtureTest.swift */ = {isa = PBXFileReference; indentWidth = 4; lastKnownFileType = sourcecode.swift; path = ResponseFixtureTest.swift; sourceTree = "<group>"; tabWidth = 4; };
		031863FC1F8F678300D13862 /* SettingFixtureTests.swift */ = {isa = PBXFileReference; lastKnownFileType = sourcecode.swift; path = SettingFixtureTests.swift; sourceTree = "<group>"; };
		031BB10E1F9861AD0095468F /* FixtureTestCase.swift */ = {isa = PBXFileReference; lastKnownFileType = sourcecode.swift; path = FixtureTestCase.swift; sourceTree = "<group>"; };
		031DEFC720D3B2B0006CBB21 /* OMGNumberFormatter.swift */ = {isa = PBXFileReference; lastKnownFileType = sourcecode.swift; path = OMGNumberFormatter.swift; sourceTree = "<group>"; };
		031EA6832071DD8B00A34D16 /* DummyObject.swift */ = {isa = PBXFileReference; fileEncoding = 4; lastKnownFileType = sourcecode.swift; path = DummyObject.swift; sourceTree = "<group>"; };
		031EA6862071DE7F00A34D16 /* APIEndpointTest.swift */ = {isa = PBXFileReference; fileEncoding = 4; lastKnownFileType = sourcecode.swift; path = APIEndpointTest.swift; sourceTree = "<group>"; };
		031EA6872071DE7F00A34D16 /* RequestTest.swift */ = {isa = PBXFileReference; fileEncoding = 4; lastKnownFileType = sourcecode.swift; path = RequestTest.swift; sourceTree = "<group>"; };
		031EA6882071DE7F00A34D16 /* HTTPClientTests.swift */ = {isa = PBXFileReference; fileEncoding = 4; lastKnownFileType = sourcecode.swift; path = HTTPClientTests.swift; sourceTree = "<group>"; };
		031EA68A2071DE7F00A34D16 /* EncodeTests.swift */ = {isa = PBXFileReference; fileEncoding = 4; lastKnownFileType = sourcecode.swift; path = EncodeTests.swift; sourceTree = "<group>"; };
		031EA68B2071DE7F00A34D16 /* DecodeTests.swift */ = {isa = PBXFileReference; fileEncoding = 4; lastKnownFileType = sourcecode.swift; path = DecodeTests.swift; sourceTree = "<group>"; };
		031EA68D2071DE7F00A34D16 /* APIErrorTests.swift */ = {isa = PBXFileReference; fileEncoding = 4; lastKnownFileType = sourcecode.swift; path = APIErrorTests.swift; sourceTree = "<group>"; };
		031EA68F2071DE7F00A34D16 /* RequestBuilderTests.swift */ = {isa = PBXFileReference; fileEncoding = 4; lastKnownFileType = sourcecode.swift; path = RequestBuilderTests.swift; sourceTree = "<group>"; };
		031EA6992071DEC700A34D16 /* SocketDispatcherTests.swift */ = {isa = PBXFileReference; fileEncoding = 4; lastKnownFileType = sourcecode.swift; path = SocketDispatcherTests.swift; sourceTree = "<group>"; };
		031EA69A2071DEC700A34D16 /* FixtureSocketClient.swift */ = {isa = PBXFileReference; fileEncoding = 4; lastKnownFileType = sourcecode.swift; path = FixtureSocketClient.swift; sourceTree = "<group>"; };
		031EA69B2071DEC700A34D16 /* SocketClientTests.swift */ = {isa = PBXFileReference; fileEncoding = 4; lastKnownFileType = sourcecode.swift; path = SocketClientTests.swift; sourceTree = "<group>"; };
		031EA69C2071DEC700A34D16 /* SocketChannelTests.swift */ = {isa = PBXFileReference; fileEncoding = 4; lastKnownFileType = sourcecode.swift; path = SocketChannelTests.swift; sourceTree = "<group>"; };
		031EA69D2071DEC700A34D16 /* SocketMessageTests.swift */ = {isa = PBXFileReference; fileEncoding = 4; lastKnownFileType = sourcecode.swift; path = SocketMessageTests.swift; sourceTree = "<group>"; };
		031EA69F2071DEC800A34D16 /* QRGeneratorTest.swift */ = {isa = PBXFileReference; fileEncoding = 4; lastKnownFileType = sourcecode.swift; path = QRGeneratorTest.swift; sourceTree = "<group>"; };
		031EA6A02071DEC800A34D16 /* QRScannerViewTest.swift */ = {isa = PBXFileReference; fileEncoding = 4; lastKnownFileType = sourcecode.swift; path = QRScannerViewTest.swift; sourceTree = "<group>"; };
		031EA6A12071DEC800A34D16 /* MockQRReader.swift */ = {isa = PBXFileReference; fileEncoding = 4; lastKnownFileType = sourcecode.swift; path = MockQRReader.swift; sourceTree = "<group>"; };
		031EA6A22071DEC800A34D16 /* QRScannerViewModelTest.swift */ = {isa = PBXFileReference; fileEncoding = 4; lastKnownFileType = sourcecode.swift; path = QRScannerViewModelTest.swift; sourceTree = "<group>"; };
		031EA6A32071DEC800A34D16 /* QRScannerViewControllerTest.swift */ = {isa = PBXFileReference; fileEncoding = 4; lastKnownFileType = sourcecode.swift; path = QRScannerViewControllerTest.swift; sourceTree = "<group>"; };
		031EA6A42071DEC800A34D16 /* QRReaderTest.swift */ = {isa = PBXFileReference; fileEncoding = 4; lastKnownFileType = sourcecode.swift; path = QRReaderTest.swift; sourceTree = "<group>"; };
		031EA6B02071DF6500A34D16 /* LiveTestCase.swift */ = {isa = PBXFileReference; fileEncoding = 4; lastKnownFileType = sourcecode.swift; path = LiveTestCase.swift; sourceTree = "<group>"; };
		03317D7920D77BB400BA60DB /* Codable.swift */ = {isa = PBXFileReference; lastKnownFileType = sourcecode.swift; path = Codable.swift; sourceTree = "<group>"; };
		03317D7B20D77D7400BA60DB /* BigUIntDummy.swift */ = {isa = PBXFileReference; lastKnownFileType = sourcecode.swift; path = BigUIntDummy.swift; sourceTree = "<group>"; };
		0334869D2036C7EC0013B37A /* StubGenerator.swift */ = {isa = PBXFileReference; lastKnownFileType = sourcecode.swift; path = StubGenerator.swift; sourceTree = "<group>"; };
		0335222F1FB5A5BF00BCBD11 /* WalletLiveTests.swift */ = {isa = PBXFileReference; lastKnownFileType = sourcecode.swift; path = WalletLiveTests.swift; sourceTree = "<group>"; };
		033522311FB5A7D800BCBD11 /* SettingLiveTests.swift */ = {isa = PBXFileReference; lastKnownFileType = sourcecode.swift; path = SettingLiveTests.swift; sourceTree = "<group>"; };
		0339810020E0C52300CA3A0D /* DecodingFixtureTests.swift */ = {isa = PBXFileReference; lastKnownFileType = sourcecode.swift; path = DecodingFixtureTests.swift; sourceTree = "<group>"; };
		0345BE241F96FD9C00B4CA16 /* UserLiveTests.swift */ = {isa = PBXFileReference; lastKnownFileType = sourcecode.swift; path = UserLiveTests.swift; sourceTree = "<group>"; };
		0345BE281F96FE8C00B4CA16 /* ResponseLiveTest.swift */ = {isa = PBXFileReference; lastKnownFileType = sourcecode.swift; path = ResponseLiveTest.swift; sourceTree = "<group>"; };
		034BAC102057DDB7005E0CD3 /* SocketObject.swift */ = {isa = PBXFileReference; fileEncoding = 4; lastKnownFileType = sourcecode.swift; path = SocketObject.swift; sourceTree = "<group>"; };
		034FA0431FA31C930033B8D1 /* LogoutFixtureTests.swift */ = {isa = PBXFileReference; lastKnownFileType = sourcecode.swift; path = LogoutFixtureTests.swift; sourceTree = "<group>"; };
		0355969820453069000E38DA /* TransactionSource.swift */ = {isa = PBXFileReference; lastKnownFileType = sourcecode.swift; path = TransactionSource.swift; sourceTree = "<group>"; };
		0355969A2045315F000E38DA /* TransactionExchange.swift */ = {isa = PBXFileReference; lastKnownFileType = sourcecode.swift; path = TransactionExchange.swift; sourceTree = "<group>"; };
		0361289F20872E7D00E13514 /* Account.swift */ = {isa = PBXFileReference; lastKnownFileType = sourcecode.swift; path = Account.swift; sourceTree = "<group>"; };
		036128A12087315D00E13514 /* Avatar.swift */ = {isa = PBXFileReference; lastKnownFileType = sourcecode.swift; path = Avatar.swift; sourceTree = "<group>"; };
		0365DE822028508900F7B42E /* TransactionRequestParams.swift */ = {isa = PBXFileReference; lastKnownFileType = sourcecode.swift; path = TransactionRequestParams.swift; sourceTree = "<group>"; };
		0365DE8420285FE700F7B42E /* TransactionRequest.swift */ = {isa = PBXFileReference; lastKnownFileType = sourcecode.swift; path = TransactionRequest.swift; sourceTree = "<group>"; };
		0365F4F020565011000DA61A /* Listenable.swift */ = {isa = PBXFileReference; fileEncoding = 4; lastKnownFileType = sourcecode.swift; path = Listenable.swift; sourceTree = "<group>"; };
		0370328D1FBBE6B100DBCDDD /* OmiseGO.h */ = {isa = PBXFileReference; fileEncoding = 4; lastKnownFileType = sourcecode.c.h; path = OmiseGO.h; sourceTree = "<group>"; };
		0370328F1FBBE6B100DBCDDD /* JSONResponse.swift */ = {isa = PBXFileReference; fileEncoding = 4; lastKnownFileType = sourcecode.swift; path = JSONResponse.swift; sourceTree = "<group>"; };
		037032901FBBE6B100DBCDDD /* JSONListResponse.swift */ = {isa = PBXFileReference; fileEncoding = 4; lastKnownFileType = sourcecode.swift; path = JSONListResponse.swift; sourceTree = "<group>"; };
		037032911FBBE6B100DBCDDD /* Setting.swift */ = {isa = PBXFileReference; fileEncoding = 4; lastKnownFileType = sourcecode.swift; path = Setting.swift; sourceTree = "<group>"; };
		037032921FBBE6B100DBCDDD /* Wallet.swift */ = {isa = PBXFileReference; fileEncoding = 4; lastKnownFileType = sourcecode.swift; path = Wallet.swift; sourceTree = "<group>"; };
		037032931FBBE6B100DBCDDD /* User.swift */ = {isa = PBXFileReference; fileEncoding = 4; lastKnownFileType = sourcecode.swift; path = User.swift; sourceTree = "<group>"; };
		037032941FBBE6B100DBCDDD /* Balance.swift */ = {isa = PBXFileReference; fileEncoding = 4; lastKnownFileType = sourcecode.swift; path = Balance.swift; sourceTree = "<group>"; };
		037032951FBBE6B100DBCDDD /* Reponse.swift */ = {isa = PBXFileReference; fileEncoding = 4; lastKnownFileType = sourcecode.swift; path = Reponse.swift; sourceTree = "<group>"; };
		037032961FBBE6B100DBCDDD /* Object.swift */ = {isa = PBXFileReference; fileEncoding = 4; lastKnownFileType = sourcecode.swift; path = Object.swift; sourceTree = "<group>"; };
		037032971FBBE6B100DBCDDD /* Token.swift */ = {isa = PBXFileReference; fileEncoding = 4; lastKnownFileType = sourcecode.swift; path = Token.swift; sourceTree = "<group>"; };
		037032991FBBE6B100DBCDDD /* Retrievable.swift */ = {isa = PBXFileReference; fileEncoding = 4; lastKnownFileType = sourcecode.swift; path = Retrievable.swift; sourceTree = "<group>"; };
		0370329A1FBBE6B100DBCDDD /* Listable.swift */ = {isa = PBXFileReference; fileEncoding = 4; lastKnownFileType = sourcecode.swift; path = Listable.swift; sourceTree = "<group>"; };
		0370329C1FBBE6B100DBCDDD /* ClientConfiguration.swift */ = {isa = PBXFileReference; fileEncoding = 4; lastKnownFileType = sourcecode.swift; path = ClientConfiguration.swift; sourceTree = "<group>"; };
		0370329D1FBBE6B100DBCDDD /* APIError.swift */ = {isa = PBXFileReference; fileEncoding = 4; lastKnownFileType = sourcecode.swift; path = APIError.swift; sourceTree = "<group>"; };
		0370329E1FBBE6B100DBCDDD /* HTTPClient.swift */ = {isa = PBXFileReference; fileEncoding = 4; lastKnownFileType = sourcecode.swift; path = HTTPClient.swift; sourceTree = "<group>"; };
		037032A01FBBE6B100DBCDDD /* APIEndpoint.swift */ = {isa = PBXFileReference; fileEncoding = 4; lastKnownFileType = sourcecode.swift; path = APIEndpoint.swift; sourceTree = "<group>"; };
		037032A31FBBE6B100DBCDDD /* Request.swift */ = {isa = PBXFileReference; fileEncoding = 4; lastKnownFileType = sourcecode.swift; path = Request.swift; sourceTree = "<group>"; };
		037032A41FBBE6B100DBCDDD /* Info.plist */ = {isa = PBXFileReference; fileEncoding = 4; lastKnownFileType = text.plist.xml; path = Info.plist; sourceTree = "<group>"; };
		037032BB1FBBE7A300DBCDDD /* Tool.swift */ = {isa = PBXFileReference; fileEncoding = 4; lastKnownFileType = sourcecode.swift; path = Tool.swift; sourceTree = "<group>"; };
		0370519D2040756F009FD899 /* secret.plist */ = {isa = PBXFileReference; lastKnownFileType = text.plist.xml; path = secret.plist; sourceTree = "<group>"; };
		0370519F20407D4A009FD899 /* TransactionRequestLiveTests.swift */ = {isa = PBXFileReference; lastKnownFileType = sourcecode.swift; path = TransactionRequestLiveTests.swift; sourceTree = "<group>"; };
		0370ADC420C634F600942AD5 /* QREncodable.swift */ = {isa = PBXFileReference; fileEncoding = 4; lastKnownFileType = sourcecode.swift; path = QREncodable.swift; sourceTree = "<group>"; };
		0371E0BD2062377600A75BCC /* TransactionRequestParamsTest.swift */ = {isa = PBXFileReference; lastKnownFileType = sourcecode.swift; path = TransactionRequestParamsTest.swift; sourceTree = "<group>"; };
		0377EB6F205228730036A9D6 /* SocketDelegate.swift */ = {isa = PBXFileReference; lastKnownFileType = sourcecode.swift; path = SocketDelegate.swift; sourceTree = "<group>"; };
		0377EBAB20564E7A0036A9D6 /* SocketClient.swift */ = {isa = PBXFileReference; fileEncoding = 4; lastKnownFileType = sourcecode.swift; path = SocketClient.swift; sourceTree = "<group>"; };
		0377EBAC20564E7A0036A9D6 /* SocketMessage.swift */ = {isa = PBXFileReference; fileEncoding = 4; lastKnownFileType = sourcecode.swift; path = SocketMessage.swift; sourceTree = "<group>"; };
		0377EBAD20564E7A0036A9D6 /* SocketChannel.swift */ = {isa = PBXFileReference; fileEncoding = 4; lastKnownFileType = sourcecode.swift; path = SocketChannel.swift; sourceTree = "<group>"; };
		0377EBB120564ECF0036A9D6 /* SocketPayload.swift */ = {isa = PBXFileReference; lastKnownFileType = sourcecode.swift; path = SocketPayload.swift; sourceTree = "<group>"; };
		037BAA98205F64CC004A3952 /* SocketDispatcher.swift */ = {isa = PBXFileReference; lastKnownFileType = sourcecode.swift; path = SocketDispatcher.swift; sourceTree = "<group>"; };
		037BAA9A205F701E004A3952 /* RequestBuilder.swift */ = {isa = PBXFileReference; fileEncoding = 4; lastKnownFileType = sourcecode.swift; path = RequestBuilder.swift; sourceTree = "<group>"; };
		037D6A9E20B2541700F02CC8 /* TransactionParams.swift */ = {isa = PBXFileReference; fileEncoding = 4; lastKnownFileType = sourcecode.swift; path = TransactionParams.swift; sourceTree = "<group>"; };
		038A42551F8DE786001A00E0 /* UserFixtureTests.swift */ = {isa = PBXFileReference; lastKnownFileType = sourcecode.swift; path = UserFixtureTests.swift; sourceTree = "<group>"; };
		038CB3E4202AE93900E40715 /* QRTestHelper.swift */ = {isa = PBXFileReference; lastKnownFileType = sourcecode.swift; path = QRTestHelper.swift; sourceTree = "<group>"; };
		038CB3E6202AF81900E40715 /* TransactionConsumptionParams.swift */ = {isa = PBXFileReference; fileEncoding = 4; lastKnownFileType = sourcecode.swift; path = TransactionConsumptionParams.swift; sourceTree = "<group>"; };
		038CB3E8202B02B300E40715 /* TransactionConsumptionParamsTest.swift */ = {isa = PBXFileReference; lastKnownFileType = sourcecode.swift; path = TransactionConsumptionParamsTest.swift; sourceTree = "<group>"; };
		0390B2472028652400B1F65E /* TransactionRequestTest.swift */ = {isa = PBXFileReference; lastKnownFileType = sourcecode.swift; path = TransactionRequestTest.swift; sourceTree = "<group>"; };
		03939D8F20286B9E00F65F20 /* TransactionRequestFixtureTests.swift */ = {isa = PBXFileReference; lastKnownFileType = sourcecode.swift; path = TransactionRequestFixtureTests.swift; sourceTree = "<group>"; };
		039656A82064D3B20073951A /* DummyWebSocketDelegate.swift */ = {isa = PBXFileReference; lastKnownFileType = sourcecode.swift; path = DummyWebSocketDelegate.swift; sourceTree = "<group>"; };
		0396627D203FFD6B004E5640 /* Extension.swift */ = {isa = PBXFileReference; lastKnownFileType = sourcecode.swift; path = Extension.swift; sourceTree = "<group>"; };
		0396627F203FFF3E004E5640 /* TransactionFixtureTests.swift */ = {isa = PBXFileReference; lastKnownFileType = sourcecode.swift; path = TransactionFixtureTests.swift; sourceTree = "<group>"; };
		03966281204005E8004E5640 /* TransactionLiveTests.swift */ = {isa = PBXFileReference; lastKnownFileType = sourcecode.swift; path = TransactionLiveTests.swift; sourceTree = "<group>"; };
		0396628320400CE8004E5640 /* TransactionTest.swift */ = {isa = PBXFileReference; lastKnownFileType = sourcecode.swift; path = TransactionTest.swift; sourceTree = "<group>"; };
		039DA972203FA72800CCC56A /* Transaction.swift */ = {isa = PBXFileReference; lastKnownFileType = sourcecode.swift; path = Transaction.swift; sourceTree = "<group>"; };
		039DA974203FA94100CCC56A /* PaginationParams.swift */ = {isa = PBXFileReference; lastKnownFileType = sourcecode.swift; path = PaginationParams.swift; sourceTree = "<group>"; };
		039DA976203FAB0600CCC56A /* TransactionListParams.swift */ = {isa = PBXFileReference; lastKnownFileType = sourcecode.swift; path = TransactionListParams.swift; sourceTree = "<group>"; };
		039DA978203FB53F00CCC56A /* Pagination.swift */ = {isa = PBXFileReference; lastKnownFileType = sourcecode.swift; path = Pagination.swift; sourceTree = "<group>"; };
		03AA99AA20D7AFE100AFF1F8 /* OMGNumberFormatterTests.swift */ = {isa = PBXFileReference; lastKnownFileType = sourcecode.swift; path = OMGNumberFormatterTests.swift; sourceTree = "<group>"; };
		03B1E7382040127600134CB4 /* DateDummy.swift */ = {isa = PBXFileReference; lastKnownFileType = sourcecode.swift; path = DateDummy.swift; sourceTree = "<group>"; };
		03B294D320E6093D0053B118 /* ExchangePair.swift */ = {isa = PBXFileReference; lastKnownFileType = sourcecode.swift; path = ExchangePair.swift; sourceTree = "<group>"; };
		03B294D520E6416F0053B118 /* ExchangePairTest.swift */ = {isa = PBXFileReference; lastKnownFileType = sourcecode.swift; path = ExchangePairTest.swift; sourceTree = "<group>"; };
		03BCCCA91F8B311600F604DB /* OmiseGO.framework */ = {isa = PBXFileReference; explicitFileType = wrapper.framework; includeInIndex = 0; path = OmiseGO.framework; sourceTree = BUILT_PRODUCTS_DIR; };
		03BCCCB21F8B311600F604DB /* OmiseGOTests.xctest */ = {isa = PBXFileReference; explicitFileType = wrapper.cfbundle; includeInIndex = 0; path = OmiseGOTests.xctest; sourceTree = BUILT_PRODUCTS_DIR; };
		03BCCCB91F8B311600F604DB /* Info.plist */ = {isa = PBXFileReference; lastKnownFileType = text.plist.xml; path = Info.plist; sourceTree = "<group>"; };
		03C2C07C1FB97F9C00B794AC /* RequestFixtureTest.swift */ = {isa = PBXFileReference; lastKnownFileType = sourcecode.swift; path = RequestFixtureTest.swift; sourceTree = "<group>"; };
		03CEF4BE1FB012FB009B8CEB /* FixtureClient.swift */ = {isa = PBXFileReference; fileEncoding = 4; lastKnownFileType = sourcecode.swift; path = FixtureClient.swift; sourceTree = "<group>"; };
		03CEF4C01FB01CB5009B8CEB /* AuthenticationLiveTest.swift */ = {isa = PBXFileReference; lastKnownFileType = sourcecode.swift; path = AuthenticationLiveTest.swift; sourceTree = "<group>"; };
		03D793B3204FA2490055D7BC /* ToolsTests.swift */ = {isa = PBXFileReference; lastKnownFileType = sourcecode.swift; path = ToolsTests.swift; sourceTree = "<group>"; };
		03D793B5204FE1080055D7BC /* ListableTests.swift */ = {isa = PBXFileReference; lastKnownFileType = sourcecode.swift; path = ListableTests.swift; sourceTree = "<group>"; };
		03D793B7204FE1D90055D7BC /* ListableDummy.swift */ = {isa = PBXFileReference; lastKnownFileType = sourcecode.swift; path = ListableDummy.swift; sourceTree = "<group>"; };
		03DE596A2089C35500E5AE6D /* AccountTest.swift */ = {isa = PBXFileReference; lastKnownFileType = sourcecode.swift; path = AccountTest.swift; sourceTree = "<group>"; };
		03DE596C2089CAEF00E5AE6D /* OMGError.swift */ = {isa = PBXFileReference; fileEncoding = 4; lastKnownFileType = sourcecode.swift; path = OMGError.swift; sourceTree = "<group>"; };
		03DE596E2089CC9E00E5AE6D /* OMGErrorTests.swift */ = {isa = PBXFileReference; fileEncoding = 4; lastKnownFileType = sourcecode.swift; path = OMGErrorTests.swift; sourceTree = "<group>"; };
		03E8E6722060C5320036CC9E /* SocketEvent.swift */ = {isa = PBXFileReference; lastKnownFileType = sourcecode.swift; path = SocketEvent.swift; sourceTree = "<group>"; };
		03F119CB2063A31E00C1772C /* DummySocketEventDelegate.swift */ = {isa = PBXFileReference; lastKnownFileType = sourcecode.swift; path = DummySocketEventDelegate.swift; sourceTree = "<group>"; };
		03F5C0101F8CB19D0079E073 /* Fixtures */ = {isa = PBXFileReference; lastKnownFileType = folder; path = Fixtures; sourceTree = "<group>"; };
		03F6B9BE203FC38700BB202C /* PaginableDummy.swift */ = {isa = PBXFileReference; lastKnownFileType = sourcecode.swift; path = PaginableDummy.swift; sourceTree = "<group>"; };
		03F84C651FC2883100F21C7B /* WalletTests.swift */ = {isa = PBXFileReference; lastKnownFileType = sourcecode.swift; path = WalletTests.swift; sourceTree = "<group>"; };
		03F84C671FC2886600F21C7B /* BalanceTests.swift */ = {isa = PBXFileReference; fileEncoding = 4; lastKnownFileType = sourcecode.swift; path = BalanceTests.swift; sourceTree = "<group>"; };
		03F84C691FC28D5E00F21C7B /* UserTests.swift */ = {isa = PBXFileReference; lastKnownFileType = sourcecode.swift; path = UserTests.swift; sourceTree = "<group>"; };
		03F84C6B1FC292AD00F21C7B /* TokenTests.swift */ = {isa = PBXFileReference; lastKnownFileType = sourcecode.swift; path = TokenTests.swift; sourceTree = "<group>"; };
		03FE64482032960200345281 /* MetadataDummy.swift */ = {isa = PBXFileReference; lastKnownFileType = sourcecode.swift; path = MetadataDummy.swift; sourceTree = "<group>"; };
		03FE644A2032A39100345281 /* TransactionConsumption.swift */ = {isa = PBXFileReference; lastKnownFileType = sourcecode.swift; path = TransactionConsumption.swift; sourceTree = "<group>"; };
		03FE644D2032AA7400345281 /* TransactionConsumptionFixtureTests.swift */ = {isa = PBXFileReference; lastKnownFileType = sourcecode.swift; path = TransactionConsumptionFixtureTests.swift; sourceTree = "<group>"; };
		03FE644F2032C6BF00345281 /* TransactionConsumptionTest.swift */ = {isa = PBXFileReference; lastKnownFileType = sourcecode.swift; path = TransactionConsumptionTest.swift; sourceTree = "<group>"; };
		16499E8AC99F7FCEE0A0FC0E /* Pods-OmiseGO.release.xcconfig */ = {isa = PBXFileReference; includeInIndex = 1; lastKnownFileType = text.xcconfig; name = "Pods-OmiseGO.release.xcconfig"; path = "Pods/Target Support Files/Pods-OmiseGO/Pods-OmiseGO.release.xcconfig"; sourceTree = "<group>"; };
		1AEE962F20A564E600FCC886 /* HTTPTask.swift */ = {isa = PBXFileReference; lastKnownFileType = sourcecode.swift; path = HTTPTask.swift; sourceTree = "<group>"; };
		217782181FB5579F002CBCA7 /* WalletFixtureTests.swift */ = {isa = PBXFileReference; lastKnownFileType = sourcecode.swift; path = WalletFixtureTests.swift; sourceTree = "<group>"; };
		47235654A4C773217A4C91D9 /* Pods-OmiseGO.debug.xcconfig */ = {isa = PBXFileReference; includeInIndex = 1; lastKnownFileType = text.xcconfig; name = "Pods-OmiseGO.debug.xcconfig"; path = "Pods/Target Support Files/Pods-OmiseGO/Pods-OmiseGO.debug.xcconfig"; sourceTree = "<group>"; };
		6005F67DACE86CA9F979B8D1 /* Pods-OmiseGOTests.debug.xcconfig */ = {isa = PBXFileReference; includeInIndex = 1; lastKnownFileType = text.xcconfig; name = "Pods-OmiseGOTests.debug.xcconfig"; path = "Pods/Target Support Files/Pods-OmiseGOTests/Pods-OmiseGOTests.debug.xcconfig"; sourceTree = "<group>"; };
		C7DCB672C50C2D40925FAA04 /* Pods-OmiseGOTests.release.xcconfig */ = {isa = PBXFileReference; includeInIndex = 1; lastKnownFileType = text.xcconfig; name = "Pods-OmiseGOTests.release.xcconfig"; path = "Pods/Target Support Files/Pods-OmiseGOTests/Pods-OmiseGOTests.release.xcconfig"; sourceTree = "<group>"; };
		F8F3D88392040FB15FD17E51 /* Pods_OmiseGO.framework */ = {isa = PBXFileReference; explicitFileType = wrapper.framework; includeInIndex = 0; path = Pods_OmiseGO.framework; sourceTree = BUILT_PRODUCTS_DIR; };
/* End PBXFileReference section */

/* Begin PBXFrameworksBuildPhase section */
		03BCCCA51F8B311600F604DB /* Frameworks */ = {
			isa = PBXFrameworksBuildPhase;
			buildActionMask = 2147483647;
			files = (
				0722AF18088B1D5B0C533D3A /* Pods_OmiseGO.framework in Frameworks */,
			);
			runOnlyForDeploymentPostprocessing = 0;
		};
		03BCCCAF1F8B311600F604DB /* Frameworks */ = {
			isa = PBXFrameworksBuildPhase;
			buildActionMask = 2147483647;
			files = (
				03BCCCB31F8B311600F604DB /* OmiseGO.framework in Frameworks */,
				BF75AB0B369A0CA5C06904BC /* Pods_OmiseGOTests.framework in Frameworks */,
			);
			runOnlyForDeploymentPostprocessing = 0;
		};
/* End PBXFrameworksBuildPhase section */

/* Begin PBXGroup section */
		0313D6D020317695003E99BA /* QRCode */ = {
			isa = PBXGroup;
			children = (
				0313D6DD203176AC003E99BA /* QRGenerator.swift */,
				0313D6D120317695003E99BA /* QRReader.swift */,
				0313D6D220317695003E99BA /* QRScannerView.swift */,
				0313D6D320317695003E99BA /* QRScannerViewModel.swift */,
				0313D6D420317695003E99BA /* QRScannerOverlayView.swift */,
				0313D6D520317695003E99BA /* QRScannerLoadingView.swift */,
				0313D6D620317695003E99BA /* QRScannerViewController.swift */,
			);
			path = QRCode;
			sourceTree = "<group>";
		};
		031443031F8CAD88003DD5BE /* FixtureTests */ = {
			isa = PBXGroup;
			children = (
				031BB10E1F9861AD0095468F /* FixtureTestCase.swift */,
				03CEF4BE1FB012FB009B8CEB /* FixtureClient.swift */,
				031443011F8CAD56003DD5BE /* ResponseFixtureTest.swift */,
				03C2C07C1FB97F9C00B794AC /* RequestFixtureTest.swift */,
				038A42551F8DE786001A00E0 /* UserFixtureTests.swift */,
				217782181FB5579F002CBCA7 /* WalletFixtureTests.swift */,
				031863FC1F8F678300D13862 /* SettingFixtureTests.swift */,
				034FA0431FA31C930033B8D1 /* LogoutFixtureTests.swift */,
				03939D8F20286B9E00F65F20 /* TransactionRequestFixtureTests.swift */,
				03FE644D2032AA7400345281 /* TransactionConsumptionFixtureTests.swift */,
				03D793B5204FE1080055D7BC /* ListableTests.swift */,
				0396627F203FFF3E004E5640 /* TransactionFixtureTests.swift */,
				0339810020E0C52300CA3A0D /* DecodingFixtureTests.swift */,
				03F5C0101F8CB19D0079E073 /* Fixtures */,
			);
			path = FixtureTests;
			sourceTree = "<group>";
		};
		031EA6852071DE7F00A34D16 /* HTTPTests */ = {
			isa = PBXGroup;
			children = (
				031EA6862071DE7F00A34D16 /* APIEndpointTest.swift */,
				031EA6872071DE7F00A34D16 /* RequestTest.swift */,
				031EA6882071DE7F00A34D16 /* HTTPClientTests.swift */,
			);
			path = HTTPTests;
			sourceTree = "<group>";
		};
		031EA6892071DE7F00A34D16 /* CodingTests */ = {
			isa = PBXGroup;
			children = (
				031EA68A2071DE7F00A34D16 /* EncodeTests.swift */,
				031EA68B2071DE7F00A34D16 /* DecodeTests.swift */,
			);
			path = CodingTests;
			sourceTree = "<group>";
		};
		031EA68C2071DE7F00A34D16 /* APITests */ = {
			isa = PBXGroup;
			children = (
				031EA68D2071DE7F00A34D16 /* APIErrorTests.swift */,
				031EA68F2071DE7F00A34D16 /* RequestBuilderTests.swift */,
			);
			path = APITests;
			sourceTree = "<group>";
		};
		031EA6982071DEC700A34D16 /* SocketsTests */ = {
			isa = PBXGroup;
			children = (
				031EA6992071DEC700A34D16 /* SocketDispatcherTests.swift */,
				031EA69A2071DEC700A34D16 /* FixtureSocketClient.swift */,
				031EA69B2071DEC700A34D16 /* SocketClientTests.swift */,
				031EA69C2071DEC700A34D16 /* SocketChannelTests.swift */,
				031EA69D2071DEC700A34D16 /* SocketMessageTests.swift */,
			);
			path = SocketsTests;
			sourceTree = "<group>";
		};
		031EA69E2071DEC800A34D16 /* QRCodeTests */ = {
			isa = PBXGroup;
			children = (
				031EA69F2071DEC800A34D16 /* QRGeneratorTest.swift */,
				031EA6A02071DEC800A34D16 /* QRScannerViewTest.swift */,
				031EA6A12071DEC800A34D16 /* MockQRReader.swift */,
				031EA6A22071DEC800A34D16 /* QRScannerViewModelTest.swift */,
				031EA6A32071DEC800A34D16 /* QRScannerViewControllerTest.swift */,
				031EA6A42071DEC800A34D16 /* QRReaderTest.swift */,
			);
			path = QRCodeTests;
			sourceTree = "<group>";
		};
		0345BE231F96FD7E00B4CA16 /* LiveTests */ = {
			isa = PBXGroup;
			children = (
				031EA6B02071DF6500A34D16 /* LiveTestCase.swift */,
				0345BE241F96FD9C00B4CA16 /* UserLiveTests.swift */,
				0335222F1FB5A5BF00BCBD11 /* WalletLiveTests.swift */,
				0345BE281F96FE8C00B4CA16 /* ResponseLiveTest.swift */,
				03CEF4C01FB01CB5009B8CEB /* AuthenticationLiveTest.swift */,
				033522311FB5A7D800BCBD11 /* SettingLiveTests.swift */,
				03966281204005E8004E5640 /* TransactionLiveTests.swift */,
				0370519F20407D4A009FD899 /* TransactionRequestLiveTests.swift */,
			);
			path = LiveTests;
			sourceTree = "<group>";
		};
		0370328C1FBBE6B100DBCDDD /* Source */ = {
			isa = PBXGroup;
			children = (
				0370328D1FBBE6B100DBCDDD /* OmiseGO.h */,
				0313D6D020317695003E99BA /* QRCode */,
				0370328E1FBBE6B100DBCDDD /* Models */,
				037032981FBBE6B100DBCDDD /* Operations */,
				0370329B1FBBE6B100DBCDDD /* API */,
				037032BA1FBBE79500DBCDDD /* Helpers */,
				03C0D44E205111940051F28E /* Websocket */,
				037032A41FBBE6B100DBCDDD /* Info.plist */,
			);
			path = Source;
			sourceTree = "<group>";
		};
		0370328E1FBBE6B100DBCDDD /* Models */ = {
			isa = PBXGroup;
			children = (
				0370328F1FBBE6B100DBCDDD /* JSONResponse.swift */,
				037032901FBBE6B100DBCDDD /* JSONListResponse.swift */,
				037032911FBBE6B100DBCDDD /* Setting.swift */,
				037032921FBBE6B100DBCDDD /* Wallet.swift */,
				037032931FBBE6B100DBCDDD /* User.swift */,
				037032941FBBE6B100DBCDDD /* Balance.swift */,
				037032951FBBE6B100DBCDDD /* Reponse.swift */,
				037032961FBBE6B100DBCDDD /* Object.swift */,
				037032971FBBE6B100DBCDDD /* Token.swift */,
				0365DE822028508900F7B42E /* TransactionRequestParams.swift */,
				0365DE8420285FE700F7B42E /* TransactionRequest.swift */,
				038CB3E6202AF81900E40715 /* TransactionConsumptionParams.swift */,
				03FE644A2032A39100345281 /* TransactionConsumption.swift */,
				0355969820453069000E38DA /* TransactionSource.swift */,
				0355969A2045315F000E38DA /* TransactionExchange.swift */,
				039DA974203FA94100CCC56A /* PaginationParams.swift */,
				039DA976203FAB0600CCC56A /* TransactionListParams.swift */,
				037D6A9E20B2541700F02CC8 /* TransactionParams.swift */,
				03B294D320E6093D0053B118 /* ExchangePair.swift */,
				039DA972203FA72800CCC56A /* Transaction.swift */,
				039DA978203FB53F00CCC56A /* Pagination.swift */,
				0361289F20872E7D00E13514 /* Account.swift */,
				036128A12087315D00E13514 /* Avatar.swift */,
				03DE596C2089CAEF00E5AE6D /* OMGError.swift */,
			);
			path = Models;
			sourceTree = "<group>";
		};
		037032981FBBE6B100DBCDDD /* Operations */ = {
			isa = PBXGroup;
			children = (
				0370ADC420C634F600942AD5 /* QREncodable.swift */,
				037032991FBBE6B100DBCDDD /* Retrievable.swift */,
				0370329A1FBBE6B100DBCDDD /* Listable.swift */,
				0365F4F020565011000DA61A /* Listenable.swift */,
			);
			path = Operations;
			sourceTree = "<group>";
		};
		0370329B1FBBE6B100DBCDDD /* API */ = {
			isa = PBXGroup;
			children = (
				0370329C1FBBE6B100DBCDDD /* ClientConfiguration.swift */,
				0370329D1FBBE6B100DBCDDD /* APIError.swift */,
				0370329E1FBBE6B100DBCDDD /* HTTPClient.swift */,
				1AEE962F20A564E600FCC886 /* HTTPTask.swift */,
				037032A01FBBE6B100DBCDDD /* APIEndpoint.swift */,
				037032A31FBBE6B100DBCDDD /* Request.swift */,
				037BAA9A205F701E004A3952 /* RequestBuilder.swift */,
			);
			path = API;
			sourceTree = "<group>";
		};
		037032BA1FBBE79500DBCDDD /* Helpers */ = {
			isa = PBXGroup;
			children = (
				037032BB1FBBE7A300DBCDDD /* Tool.swift */,
				03317D7920D77BB400BA60DB /* Codable.swift */,
				031DEFC720D3B2B0006CBB21 /* OMGNumberFormatter.swift */,
			);
			path = Helpers;
			sourceTree = "<group>";
		};
		038CB3E3202AE92A00E40715 /* Helpers */ = {
			isa = PBXGroup;
			children = (
				031EA6832071DD8B00A34D16 /* DummyObject.swift */,
				038CB3E4202AE93900E40715 /* QRTestHelper.swift */,
				03FE64482032960200345281 /* MetadataDummy.swift */,
				03B1E7382040127600134CB4 /* DateDummy.swift */,
				03F6B9BE203FC38700BB202C /* PaginableDummy.swift */,
				0334869D2036C7EC0013B37A /* StubGenerator.swift */,
				0396627D203FFD6B004E5640 /* Extension.swift */,
				03D793B7204FE1D90055D7BC /* ListableDummy.swift */,
				03F119CB2063A31E00C1772C /* DummySocketEventDelegate.swift */,
				039656A82064D3B20073951A /* DummyWebSocketDelegate.swift */,
				03317D7B20D77D7400BA60DB /* BigUIntDummy.swift */,
			);
			path = Helpers;
			sourceTree = "<group>";
		};
		03BCCC9F1F8B311600F604DB = {
			isa = PBXGroup;
			children = (
				0370328C1FBBE6B100DBCDDD /* Source */,
				03BCCCB61F8B311600F604DB /* OmiseGOTests */,
				03BCCCAA1F8B311600F604DB /* Products */,
				649C021CF591BDE2E21A5A3A /* Pods */,
				94103946F5B0996795C54D8B /* Frameworks */,
			);
			sourceTree = "<group>";
		};
		03BCCCAA1F8B311600F604DB /* Products */ = {
			isa = PBXGroup;
			children = (
				03BCCCA91F8B311600F604DB /* OmiseGO.framework */,
				03BCCCB21F8B311600F604DB /* OmiseGOTests.xctest */,
			);
			name = Products;
			sourceTree = "<group>";
		};
		03BCCCB61F8B311600F604DB /* OmiseGOTests */ = {
			isa = PBXGroup;
			children = (
				031EA69E2071DEC800A34D16 /* QRCodeTests */,
				031EA6982071DEC700A34D16 /* SocketsTests */,
				038CB3E3202AE92A00E40715 /* Helpers */,
				03F84C641FC2881A00F21C7B /* ModelTests */,
				0345BE231F96FD7E00B4CA16 /* LiveTests */,
				031443031F8CAD88003DD5BE /* FixtureTests */,
				031EA68C2071DE7F00A34D16 /* APITests */,
				031EA6892071DE7F00A34D16 /* CodingTests */,
				031EA6852071DE7F00A34D16 /* HTTPTests */,
				03D793B3204FA2490055D7BC /* ToolsTests.swift */,
				03AA99AA20D7AFE100AFF1F8 /* OMGNumberFormatterTests.swift */,
				03BCCCB91F8B311600F604DB /* Info.plist */,
				0370519D2040756F009FD899 /* secret.plist */,
			);
			path = OmiseGOTests;
			sourceTree = "<group>";
		};
		03C0D44E205111940051F28E /* Websocket */ = {
			isa = PBXGroup;
			children = (
				0377EB6F205228730036A9D6 /* SocketDelegate.swift */,
				0377EBAB20564E7A0036A9D6 /* SocketClient.swift */,
				0377EBAD20564E7A0036A9D6 /* SocketChannel.swift */,
				0377EBAC20564E7A0036A9D6 /* SocketMessage.swift */,
				0377EBB120564ECF0036A9D6 /* SocketPayload.swift */,
				034BAC102057DDB7005E0CD3 /* SocketObject.swift */,
				037BAA98205F64CC004A3952 /* SocketDispatcher.swift */,
				03E8E6722060C5320036CC9E /* SocketEvent.swift */,
			);
			path = Websocket;
			sourceTree = "<group>";
		};
		03F84C641FC2881A00F21C7B /* ModelTests */ = {
			isa = PBXGroup;
			children = (
				03F84C671FC2886600F21C7B /* BalanceTests.swift */,
				03F84C651FC2883100F21C7B /* WalletTests.swift */,
				03F84C691FC28D5E00F21C7B /* UserTests.swift */,
				03F84C6B1FC292AD00F21C7B /* TokenTests.swift */,
				0390B2472028652400B1F65E /* TransactionRequestTest.swift */,
				038CB3E8202B02B300E40715 /* TransactionConsumptionParamsTest.swift */,
				0371E0BD2062377600A75BCC /* TransactionRequestParamsTest.swift */,
				03FE644F2032C6BF00345281 /* TransactionConsumptionTest.swift */,
				0396628320400CE8004E5640 /* TransactionTest.swift */,
				03B294D520E6416F0053B118 /* ExchangePairTest.swift */,
				03DE596A2089C35500E5AE6D /* AccountTest.swift */,
				03DE596E2089CC9E00E5AE6D /* OMGErrorTests.swift */,
			);
			path = ModelTests;
			sourceTree = "<group>";
		};
		649C021CF591BDE2E21A5A3A /* Pods */ = {
			isa = PBXGroup;
			children = (
				47235654A4C773217A4C91D9 /* Pods-OmiseGO.debug.xcconfig */,
				16499E8AC99F7FCEE0A0FC0E /* Pods-OmiseGO.release.xcconfig */,
				6005F67DACE86CA9F979B8D1 /* Pods-OmiseGOTests.debug.xcconfig */,
				C7DCB672C50C2D40925FAA04 /* Pods-OmiseGOTests.release.xcconfig */,
			);
			name = Pods;
			sourceTree = "<group>";
		};
		94103946F5B0996795C54D8B /* Frameworks */ = {
			isa = PBXGroup;
			children = (
				F8F3D88392040FB15FD17E51 /* Pods_OmiseGO.framework */,
				011BAF3F039E5A5B688B5C4F /* Pods_OmiseGOTests.framework */,
			);
			name = Frameworks;
			sourceTree = "<group>";
		};
/* End PBXGroup section */

/* Begin PBXHeadersBuildPhase section */
		03BCCCA61F8B311600F604DB /* Headers */ = {
			isa = PBXHeadersBuildPhase;
			buildActionMask = 2147483647;
			files = (
				037032A51FBBE6B100DBCDDD /* OmiseGO.h in Headers */,
			);
			runOnlyForDeploymentPostprocessing = 0;
		};
/* End PBXHeadersBuildPhase section */

/* Begin PBXNativeTarget section */
		03BCCCA81F8B311600F604DB /* OmiseGO */ = {
			isa = PBXNativeTarget;
			buildConfigurationList = 03BCCCBD1F8B311600F604DB /* Build configuration list for PBXNativeTarget "OmiseGO" */;
			buildPhases = (
				66B9F6BC22AA32602097E785 /* [CP] Check Pods Manifest.lock */,
				03BCCCA41F8B311600F604DB /* Sources */,
				03BCCCA51F8B311600F604DB /* Frameworks */,
				03BCCCA61F8B311600F604DB /* Headers */,
				03BCCCA71F8B311600F604DB /* Resources */,
				03F5C0121F8CD7080079E073 /* ShellScript */,
			);
			buildRules = (
			);
			dependencies = (
			);
			name = OmiseGO;
			productName = OmiseGO;
			productReference = 03BCCCA91F8B311600F604DB /* OmiseGO.framework */;
			productType = "com.apple.product-type.framework";
		};
		03BCCCB11F8B311600F604DB /* OmiseGOTests */ = {
			isa = PBXNativeTarget;
			buildConfigurationList = 03BCCCC01F8B311600F604DB /* Build configuration list for PBXNativeTarget "OmiseGOTests" */;
			buildPhases = (
				D088747A892AA9488AFE35A5 /* [CP] Check Pods Manifest.lock */,
				03BCCCAE1F8B311600F604DB /* Sources */,
				03BCCCAF1F8B311600F604DB /* Frameworks */,
				03BCCCB01F8B311600F604DB /* Resources */,
				9572BE689AFEE773A29E9FBD /* [CP] Embed Pods Frameworks */,
			);
			buildRules = (
			);
			dependencies = (
				03BCCCB51F8B311600F604DB /* PBXTargetDependency */,
			);
			name = OmiseGOTests;
			productName = OmiseGOTests;
			productReference = 03BCCCB21F8B311600F604DB /* OmiseGOTests.xctest */;
			productType = "com.apple.product-type.bundle.unit-test";
		};
/* End PBXNativeTarget section */

/* Begin PBXProject section */
		03BCCCA01F8B311600F604DB /* Project object */ = {
			isa = PBXProject;
			attributes = {
				LastSwiftUpdateCheck = 0900;
				LastUpgradeCheck = 0930;
				ORGANIZATIONNAME = "Omise Go Pte. Ltd.";
				TargetAttributes = {
					03BCCCA81F8B311600F604DB = {
						CreatedOnToolsVersion = 9.0;
						LastSwiftMigration = 0900;
						ProvisioningStyle = Manual;
					};
					03BCCCB11F8B311600F604DB = {
						CreatedOnToolsVersion = 9.0;
						ProvisioningStyle = Manual;
					};
				};
			};
			buildConfigurationList = 03BCCCA31F8B311600F604DB /* Build configuration list for PBXProject "OmiseGO" */;
			compatibilityVersion = "Xcode 8.0";
			developmentRegion = en;
			hasScannedForEncodings = 0;
			knownRegions = (
				en,
			);
			mainGroup = 03BCCC9F1F8B311600F604DB;
			productRefGroup = 03BCCCAA1F8B311600F604DB /* Products */;
			projectDirPath = "";
			projectRoot = "";
			targets = (
				03BCCCA81F8B311600F604DB /* OmiseGO */,
				03BCCCB11F8B311600F604DB /* OmiseGOTests */,
			);
		};
/* End PBXProject section */

/* Begin PBXResourcesBuildPhase section */
		03BCCCA71F8B311600F604DB /* Resources */ = {
			isa = PBXResourcesBuildPhase;
			buildActionMask = 2147483647;
			files = (
			);
			runOnlyForDeploymentPostprocessing = 0;
		};
		03BCCCB01F8B311600F604DB /* Resources */ = {
			isa = PBXResourcesBuildPhase;
			buildActionMask = 2147483647;
			files = (
				0370519E2040756F009FD899 /* secret.plist in Resources */,
				03F5C0111F8CB1F80079E073 /* Fixtures in Resources */,
			);
			runOnlyForDeploymentPostprocessing = 0;
		};
/* End PBXResourcesBuildPhase section */

/* Begin PBXShellScriptBuildPhase section */
		03F5C0121F8CD7080079E073 /* ShellScript */ = {
			isa = PBXShellScriptBuildPhase;
			buildActionMask = 2147483647;
			files = (
			);
			inputPaths = (
			);
			outputPaths = (
			);
			runOnlyForDeploymentPostprocessing = 0;
			shellPath = /bin/sh;
			shellScript = "if which swiftformat >/dev/null; then\n    swiftformat . --commas false --self insert\nelse\n    echo \"warning: SwiftFormat not installed, download from https://github.com/nicklockwood/SwiftFormat\"\nfi\nif which swiftlint >/dev/null; then\n    swiftlint lint\n    swiftlint lint --config .swiftlint-test.yml\nelse\n    echo \"warning: SwiftLint not installed, download from https://github.com/realm/SwiftLint\"\nfi";
		};
		66B9F6BC22AA32602097E785 /* [CP] Check Pods Manifest.lock */ = {
			isa = PBXShellScriptBuildPhase;
			buildActionMask = 2147483647;
			files = (
			);
			inputPaths = (
				"${PODS_PODFILE_DIR_PATH}/Podfile.lock",
				"${PODS_ROOT}/Manifest.lock",
			);
			name = "[CP] Check Pods Manifest.lock";
			outputPaths = (
				"$(DERIVED_FILE_DIR)/Pods-OmiseGO-checkManifestLockResult.txt",
			);
			runOnlyForDeploymentPostprocessing = 0;
			shellPath = /bin/sh;
			shellScript = "diff \"${PODS_PODFILE_DIR_PATH}/Podfile.lock\" \"${PODS_ROOT}/Manifest.lock\" > /dev/null\nif [ $? != 0 ] ; then\n    # print error to STDERR\n    echo \"error: The sandbox is not in sync with the Podfile.lock. Run 'pod install' or update your CocoaPods installation.\" >&2\n    exit 1\nfi\n# This output is used by Xcode 'outputs' to avoid re-running this script phase.\necho \"SUCCESS\" > \"${SCRIPT_OUTPUT_FILE_0}\"\n";
			showEnvVarsInLog = 0;
		};
		9572BE689AFEE773A29E9FBD /* [CP] Embed Pods Frameworks */ = {
			isa = PBXShellScriptBuildPhase;
			buildActionMask = 2147483647;
			files = (
			);
			inputPaths = (
				"${SRCROOT}/Pods/Target Support Files/Pods-OmiseGOTests/Pods-OmiseGOTests-frameworks.sh",
				"${BUILT_PRODUCTS_DIR}/BigInt/BigInt.framework",
				"${BUILT_PRODUCTS_DIR}/SipHash/SipHash.framework",
				"${BUILT_PRODUCTS_DIR}/Starscream/Starscream.framework",
			);
			name = "[CP] Embed Pods Frameworks";
			outputPaths = (
				"${TARGET_BUILD_DIR}/${FRAMEWORKS_FOLDER_PATH}/BigInt.framework",
				"${TARGET_BUILD_DIR}/${FRAMEWORKS_FOLDER_PATH}/SipHash.framework",
				"${TARGET_BUILD_DIR}/${FRAMEWORKS_FOLDER_PATH}/Starscream.framework",
			);
			runOnlyForDeploymentPostprocessing = 0;
			shellPath = /bin/sh;
			shellScript = "\"${SRCROOT}/Pods/Target Support Files/Pods-OmiseGOTests/Pods-OmiseGOTests-frameworks.sh\"\n";
			showEnvVarsInLog = 0;
		};
		D088747A892AA9488AFE35A5 /* [CP] Check Pods Manifest.lock */ = {
			isa = PBXShellScriptBuildPhase;
			buildActionMask = 2147483647;
			files = (
			);
			inputPaths = (
				"${PODS_PODFILE_DIR_PATH}/Podfile.lock",
				"${PODS_ROOT}/Manifest.lock",
			);
			name = "[CP] Check Pods Manifest.lock";
			outputPaths = (
				"$(DERIVED_FILE_DIR)/Pods-OmiseGOTests-checkManifestLockResult.txt",
			);
			runOnlyForDeploymentPostprocessing = 0;
			shellPath = /bin/sh;
			shellScript = "diff \"${PODS_PODFILE_DIR_PATH}/Podfile.lock\" \"${PODS_ROOT}/Manifest.lock\" > /dev/null\nif [ $? != 0 ] ; then\n    # print error to STDERR\n    echo \"error: The sandbox is not in sync with the Podfile.lock. Run 'pod install' or update your CocoaPods installation.\" >&2\n    exit 1\nfi\n# This output is used by Xcode 'outputs' to avoid re-running this script phase.\necho \"SUCCESS\" > \"${SCRIPT_OUTPUT_FILE_0}\"\n";
			showEnvVarsInLog = 0;
		};
/* End PBXShellScriptBuildPhase section */

/* Begin PBXSourcesBuildPhase section */
		03BCCCA41F8B311600F604DB /* Sources */ = {
			isa = PBXSourcesBuildPhase;
			buildActionMask = 2147483647;
			files = (
				0313D6D720317696003E99BA /* QRReader.swift in Sources */,
				0313D6DE203176AC003E99BA /* QRGenerator.swift in Sources */,
				037032A71FBBE6B100DBCDDD /* JSONListResponse.swift in Sources */,
				037032AC1FBBE6B100DBCDDD /* Reponse.swift in Sources */,
				031DEFC920D3B2B5006CBB21 /* OMGNumberFormatter.swift in Sources */,
				0377EBAF20564E7A0036A9D6 /* SocketMessage.swift in Sources */,
				039DA975203FA94100CCC56A /* PaginationParams.swift in Sources */,
				036128A22087315D00E13514 /* Avatar.swift in Sources */,
				0365DE832028508900F7B42E /* TransactionRequestParams.swift in Sources */,
				037BAA9B205F701F004A3952 /* RequestBuilder.swift in Sources */,
				0313D6D820317696003E99BA /* QRScannerView.swift in Sources */,
				037032A61FBBE6B100DBCDDD /* JSONResponse.swift in Sources */,
				037032BC1FBBE7A300DBCDDD /* Tool.swift in Sources */,
				038CB3E7202AF81900E40715 /* TransactionConsumptionParams.swift in Sources */,
				037032AF1FBBE6B100DBCDDD /* Retrievable.swift in Sources */,
				0313D6DC20317696003E99BA /* QRScannerViewController.swift in Sources */,
				037032B11FBBE6B100DBCDDD /* ClientConfiguration.swift in Sources */,
				036128A020872E7D00E13514 /* Account.swift in Sources */,
				0355969B2045315F000E38DA /* TransactionExchange.swift in Sources */,
				037032B01FBBE6B100DBCDDD /* Listable.swift in Sources */,
				03E8E6732060C5320036CC9E /* SocketEvent.swift in Sources */,
				037032B51FBBE6B100DBCDDD /* APIEndpoint.swift in Sources */,
				03317D7A20D77BB400BA60DB /* Codable.swift in Sources */,
				1AEE963020A564E600FCC886 /* HTTPTask.swift in Sources */,
				039DA973203FA72800CCC56A /* Transaction.swift in Sources */,
				0313D6DB20317696003E99BA /* QRScannerLoadingView.swift in Sources */,
				037032B31FBBE6B100DBCDDD /* HTTPClient.swift in Sources */,
				03DE596D2089CAEF00E5AE6D /* OMGError.swift in Sources */,
				0377EBAE20564E7A0036A9D6 /* SocketClient.swift in Sources */,
				039DA979203FB53F00CCC56A /* Pagination.swift in Sources */,
				0370ADC520C634F600942AD5 /* QREncodable.swift in Sources */,
				0365DE8520285FE700F7B42E /* TransactionRequest.swift in Sources */,
				037032B81FBBE6B100DBCDDD /* Request.swift in Sources */,
				037D6A9F20B2541700F02CC8 /* TransactionParams.swift in Sources */,
				037032A91FBBE6B100DBCDDD /* Wallet.swift in Sources */,
				037032AA1FBBE6B100DBCDDD /* User.swift in Sources */,
				0355969920453069000E38DA /* TransactionSource.swift in Sources */,
				037032AB1FBBE6B100DBCDDD /* Balance.swift in Sources */,
				03B294D420E6093D0053B118 /* ExchangePair.swift in Sources */,
				037032AD1FBBE6B100DBCDDD /* Object.swift in Sources */,
				0313D6D920317696003E99BA /* QRScannerViewModel.swift in Sources */,
				037032A81FBBE6B100DBCDDD /* Setting.swift in Sources */,
				037032AE1FBBE6B100DBCDDD /* Token.swift in Sources */,
				0365F4F120565011000DA61A /* Listenable.swift in Sources */,
				0377EBB020564E7A0036A9D6 /* SocketChannel.swift in Sources */,
				039DA977203FAB0600CCC56A /* TransactionListParams.swift in Sources */,
				034BAC112057DDB7005E0CD3 /* SocketObject.swift in Sources */,
				0377EBB220564ECF0036A9D6 /* SocketPayload.swift in Sources */,
				0377EB70205228730036A9D6 /* SocketDelegate.swift in Sources */,
				037032B21FBBE6B100DBCDDD /* APIError.swift in Sources */,
				037BAA99205F64CC004A3952 /* SocketDispatcher.swift in Sources */,
				03FE644C2032A8FE00345281 /* TransactionConsumption.swift in Sources */,
				0313D6DA20317696003E99BA /* QRScannerOverlayView.swift in Sources */,
			);
			runOnlyForDeploymentPostprocessing = 0;
		};
		03BCCCAE1F8B311600F604DB /* Sources */ = {
			isa = PBXSourcesBuildPhase;
			buildActionMask = 2147483647;
			files = (
				03B294D620E6416F0053B118 /* ExchangePairTest.swift in Sources */,
				031EA6902071DE8000A34D16 /* APIEndpointTest.swift in Sources */,
				038CB3E5202AE93900E40715 /* QRTestHelper.swift in Sources */,
				031EA6A82071DEC800A34D16 /* SocketChannelTests.swift in Sources */,
				03939D9020286B9E00F65F20 /* TransactionRequestFixtureTests.swift in Sources */,
				039656A92064D3B20073951A /* DummyWebSocketDelegate.swift in Sources */,
				03B1E7392040127600134CB4 /* DateDummy.swift in Sources */,
				0345BE251F96FD9C00B4CA16 /* UserLiveTests.swift in Sources */,
				031443021F8CAD56003DD5BE /* ResponseFixtureTest.swift in Sources */,
				0390B2482028652400B1F65E /* TransactionRequestTest.swift in Sources */,
				031EA6842071DD8C00A34D16 /* DummyObject.swift in Sources */,
				0396627E203FFD6B004E5640 /* Extension.swift in Sources */,
				0345BE291F96FE8C00B4CA16 /* ResponseLiveTest.swift in Sources */,
				034FA0441FA31C930033B8D1 /* LogoutFixtureTests.swift in Sources */,
				03AA99AB20D7AFE100AFF1F8 /* OMGNumberFormatterTests.swift in Sources */,
				031EA6942071DE8000A34D16 /* DecodeTests.swift in Sources */,
				217782191FB5579F002CBCA7 /* WalletFixtureTests.swift in Sources */,
				03317D7C20D77D7400BA60DB /* BigUIntDummy.swift in Sources */,
				03D793B4204FA2490055D7BC /* ToolsTests.swift in Sources */,
				031EA6A62071DEC800A34D16 /* FixtureSocketClient.swift in Sources */,
				03CEF4C11FB01CB5009B8CEB /* AuthenticationLiveTest.swift in Sources */,
				031EA6A52071DEC800A34D16 /* SocketDispatcherTests.swift in Sources */,
				03F84C661FC2883100F21C7B /* WalletTests.swift in Sources */,
				03FE64492032960200345281 /* MetadataDummy.swift in Sources */,
				031EA6912071DE8000A34D16 /* RequestTest.swift in Sources */,
				031EA6922071DE8000A34D16 /* HTTPClientTests.swift in Sources */,
				038A42561F8DE786001A00E0 /* UserFixtureTests.swift in Sources */,
				03C2C07D1FB97F9C00B794AC /* RequestFixtureTest.swift in Sources */,
				03D793B6204FE1080055D7BC /* ListableTests.swift in Sources */,
				031EA6972071DE8000A34D16 /* RequestBuilderTests.swift in Sources */,
				03D793B8204FE1D90055D7BC /* ListableDummy.swift in Sources */,
				031EA6A72071DEC800A34D16 /* SocketClientTests.swift in Sources */,
				031EA6932071DE8000A34D16 /* EncodeTests.swift in Sources */,
				03DE596F2089CC9E00E5AE6D /* OMGErrorTests.swift in Sources */,
				03F84C6C1FC292AD00F21C7B /* TokenTests.swift in Sources */,
				033522301FB5A5BF00BCBD11 /* WalletLiveTests.swift in Sources */,
				031EA6AE2071DEC800A34D16 /* QRScannerViewControllerTest.swift in Sources */,
				0396628420400CE8004E5640 /* TransactionTest.swift in Sources */,
				03FE644E2032AA7400345281 /* TransactionConsumptionFixtureTests.swift in Sources */,
				0334869E2036C7EC0013B37A /* StubGenerator.swift in Sources */,
				037051A020407D4A009FD899 /* TransactionRequestLiveTests.swift in Sources */,
				031EA6AD2071DEC800A34D16 /* QRScannerViewModelTest.swift in Sources */,
				03F84C6A1FC28D5E00F21C7B /* UserTests.swift in Sources */,
				0339810120E0C52300CA3A0D /* DecodingFixtureTests.swift in Sources */,
				031EA6AF2071DEC800A34D16 /* QRReaderTest.swift in Sources */,
				031EA6AA2071DEC800A34D16 /* QRGeneratorTest.swift in Sources */,
				031863FD1F8F678300D13862 /* SettingFixtureTests.swift in Sources */,
				03F84C681FC2886700F21C7B /* BalanceTests.swift in Sources */,
				031EA6952071DE8000A34D16 /* APIErrorTests.swift in Sources */,
				031EA6A92071DEC800A34D16 /* SocketMessageTests.swift in Sources */,
				031EA6AB2071DEC800A34D16 /* QRScannerViewTest.swift in Sources */,
				03966282204005E8004E5640 /* TransactionLiveTests.swift in Sources */,
				03F6B9BF203FC38700BB202C /* PaginableDummy.swift in Sources */,
				03CEF4BF1FB012FB009B8CEB /* FixtureClient.swift in Sources */,
				03F119CC2063A31E00C1772C /* DummySocketEventDelegate.swift in Sources */,
				0371E0BE2062377600A75BCC /* TransactionRequestParamsTest.swift in Sources */,
				031EA6AC2071DEC800A34D16 /* MockQRReader.swift in Sources */,
				033522321FB5A7D800BCBD11 /* SettingLiveTests.swift in Sources */,
				03966280203FFF3E004E5640 /* TransactionFixtureTests.swift in Sources */,
				03DE596B2089C35500E5AE6D /* AccountTest.swift in Sources */,
				03FE64502032C6BF00345281 /* TransactionConsumptionTest.swift in Sources */,
				031EA6B12071DF6500A34D16 /* LiveTestCase.swift in Sources */,
				038CB3E9202B02B300E40715 /* TransactionConsumptionParamsTest.swift in Sources */,
				031BB1101F9861AD0095468F /* FixtureTestCase.swift in Sources */,
			);
			runOnlyForDeploymentPostprocessing = 0;
		};
/* End PBXSourcesBuildPhase section */

/* Begin PBXTargetDependency section */
		03BCCCB51F8B311600F604DB /* PBXTargetDependency */ = {
			isa = PBXTargetDependency;
			target = 03BCCCA81F8B311600F604DB /* OmiseGO */;
			targetProxy = 03BCCCB41F8B311600F604DB /* PBXContainerItemProxy */;
		};
/* End PBXTargetDependency section */

/* Begin XCBuildConfiguration section */
		03BCCCBB1F8B311600F604DB /* Debug */ = {
			isa = XCBuildConfiguration;
			buildSettings = {
				ALWAYS_SEARCH_USER_PATHS = NO;
				CLANG_ANALYZER_NONNULL = YES;
				CLANG_ANALYZER_NUMBER_OBJECT_CONVERSION = YES_AGGRESSIVE;
				CLANG_CXX_LANGUAGE_STANDARD = "gnu++14";
				CLANG_CXX_LIBRARY = "libc++";
				CLANG_ENABLE_MODULES = YES;
				CLANG_ENABLE_OBJC_ARC = YES;
				CLANG_WARN_BLOCK_CAPTURE_AUTORELEASING = YES;
				CLANG_WARN_BOOL_CONVERSION = YES;
				CLANG_WARN_COMMA = YES;
				CLANG_WARN_CONSTANT_CONVERSION = YES;
				CLANG_WARN_DEPRECATED_OBJC_IMPLEMENTATIONS = YES;
				CLANG_WARN_DIRECT_OBJC_ISA_USAGE = YES_ERROR;
				CLANG_WARN_DOCUMENTATION_COMMENTS = YES;
				CLANG_WARN_EMPTY_BODY = YES;
				CLANG_WARN_ENUM_CONVERSION = YES;
				CLANG_WARN_INFINITE_RECURSION = YES;
				CLANG_WARN_INT_CONVERSION = YES;
				CLANG_WARN_NON_LITERAL_NULL_CONVERSION = YES;
				CLANG_WARN_OBJC_IMPLICIT_RETAIN_SELF = YES;
				CLANG_WARN_OBJC_LITERAL_CONVERSION = YES;
				CLANG_WARN_OBJC_ROOT_CLASS = YES_ERROR;
				CLANG_WARN_RANGE_LOOP_ANALYSIS = YES;
				CLANG_WARN_STRICT_PROTOTYPES = YES;
				CLANG_WARN_SUSPICIOUS_MOVE = YES;
				CLANG_WARN_UNGUARDED_AVAILABILITY = YES_AGGRESSIVE;
				CLANG_WARN_UNREACHABLE_CODE = YES;
				CLANG_WARN__DUPLICATE_METHOD_MATCH = YES;
				CODE_SIGN_IDENTITY = "iPhone Developer";
				COPY_PHASE_STRIP = NO;
				CURRENT_PROJECT_VERSION = 1;
				DEBUG_INFORMATION_FORMAT = dwarf;
				ENABLE_STRICT_OBJC_MSGSEND = YES;
				ENABLE_TESTABILITY = YES;
				GCC_C_LANGUAGE_STANDARD = gnu11;
				GCC_DYNAMIC_NO_PIC = NO;
				GCC_NO_COMMON_BLOCKS = YES;
				GCC_OPTIMIZATION_LEVEL = 0;
				GCC_PREPROCESSOR_DEFINITIONS = (
					"DEBUG=1",
					"$(inherited)",
				);
				GCC_WARN_64_TO_32_BIT_CONVERSION = YES;
				GCC_WARN_ABOUT_RETURN_TYPE = YES_ERROR;
				GCC_WARN_UNDECLARED_SELECTOR = YES;
				GCC_WARN_UNINITIALIZED_AUTOS = YES_AGGRESSIVE;
				GCC_WARN_UNUSED_FUNCTION = YES;
				GCC_WARN_UNUSED_VARIABLE = YES;
				IPHONEOS_DEPLOYMENT_TARGET = 10.0;
				MTL_ENABLE_DEBUG_INFO = YES;
				ONLY_ACTIVE_ARCH = YES;
				SDKROOT = iphoneos;
				SWIFT_ACTIVE_COMPILATION_CONDITIONS = DEBUG;
				SWIFT_OPTIMIZATION_LEVEL = "-Onone";
				VERSIONING_SYSTEM = "apple-generic";
				VERSION_INFO_PREFIX = "";
			};
			name = Debug;
		};
		03BCCCBC1F8B311600F604DB /* Release */ = {
			isa = XCBuildConfiguration;
			buildSettings = {
				ALWAYS_SEARCH_USER_PATHS = NO;
				CLANG_ANALYZER_NONNULL = YES;
				CLANG_ANALYZER_NUMBER_OBJECT_CONVERSION = YES_AGGRESSIVE;
				CLANG_CXX_LANGUAGE_STANDARD = "gnu++14";
				CLANG_CXX_LIBRARY = "libc++";
				CLANG_ENABLE_MODULES = YES;
				CLANG_ENABLE_OBJC_ARC = YES;
				CLANG_WARN_BLOCK_CAPTURE_AUTORELEASING = YES;
				CLANG_WARN_BOOL_CONVERSION = YES;
				CLANG_WARN_COMMA = YES;
				CLANG_WARN_CONSTANT_CONVERSION = YES;
				CLANG_WARN_DEPRECATED_OBJC_IMPLEMENTATIONS = YES;
				CLANG_WARN_DIRECT_OBJC_ISA_USAGE = YES_ERROR;
				CLANG_WARN_DOCUMENTATION_COMMENTS = YES;
				CLANG_WARN_EMPTY_BODY = YES;
				CLANG_WARN_ENUM_CONVERSION = YES;
				CLANG_WARN_INFINITE_RECURSION = YES;
				CLANG_WARN_INT_CONVERSION = YES;
				CLANG_WARN_NON_LITERAL_NULL_CONVERSION = YES;
				CLANG_WARN_OBJC_IMPLICIT_RETAIN_SELF = YES;
				CLANG_WARN_OBJC_LITERAL_CONVERSION = YES;
				CLANG_WARN_OBJC_ROOT_CLASS = YES_ERROR;
				CLANG_WARN_RANGE_LOOP_ANALYSIS = YES;
				CLANG_WARN_STRICT_PROTOTYPES = YES;
				CLANG_WARN_SUSPICIOUS_MOVE = YES;
				CLANG_WARN_UNGUARDED_AVAILABILITY = YES_AGGRESSIVE;
				CLANG_WARN_UNREACHABLE_CODE = YES;
				CLANG_WARN__DUPLICATE_METHOD_MATCH = YES;
				CODE_SIGN_IDENTITY = "iPhone Developer";
				COPY_PHASE_STRIP = NO;
				CURRENT_PROJECT_VERSION = 1;
				DEBUG_INFORMATION_FORMAT = "dwarf-with-dsym";
				ENABLE_NS_ASSERTIONS = NO;
				ENABLE_STRICT_OBJC_MSGSEND = YES;
				GCC_C_LANGUAGE_STANDARD = gnu11;
				GCC_NO_COMMON_BLOCKS = YES;
				GCC_WARN_64_TO_32_BIT_CONVERSION = YES;
				GCC_WARN_ABOUT_RETURN_TYPE = YES_ERROR;
				GCC_WARN_UNDECLARED_SELECTOR = YES;
				GCC_WARN_UNINITIALIZED_AUTOS = YES_AGGRESSIVE;
				GCC_WARN_UNUSED_FUNCTION = YES;
				GCC_WARN_UNUSED_VARIABLE = YES;
				IPHONEOS_DEPLOYMENT_TARGET = 10.0;
				MTL_ENABLE_DEBUG_INFO = NO;
				SDKROOT = iphoneos;
				SWIFT_OPTIMIZATION_LEVEL = "-Owholemodule";
				VALIDATE_PRODUCT = YES;
				VERSIONING_SYSTEM = "apple-generic";
				VERSION_INFO_PREFIX = "";
			};
			name = Release;
		};
		03BCCCBE1F8B311600F604DB /* Debug */ = {
			isa = XCBuildConfiguration;
			baseConfigurationReference = 47235654A4C773217A4C91D9 /* Pods-OmiseGO.debug.xcconfig */;
			buildSettings = {
				APPLICATION_EXTENSION_API_ONLY = YES;
				CLANG_ENABLE_MODULES = YES;
				CODE_SIGN_IDENTITY = "";
				"CODE_SIGN_IDENTITY[sdk=iphoneos*]" = "";
				CODE_SIGN_STYLE = Manual;
				DEFINES_MODULE = YES;
				DEVELOPMENT_TEAM = "";
				DYLIB_COMPATIBILITY_VERSION = 1;
				DYLIB_CURRENT_VERSION = 1;
				DYLIB_INSTALL_NAME_BASE = "@rpath";
				INFOPLIST_FILE = "$(SRCROOT)/Source/Info.plist";
				INSTALL_PATH = "$(LOCAL_LIBRARY_DIR)/Frameworks";
				IPHONEOS_DEPLOYMENT_TARGET = 10.0;
				LD_RUNPATH_SEARCH_PATHS = "$(inherited) @executable_path/Frameworks @loader_path/Frameworks";
				PRODUCT_BUNDLE_IDENTIFIER = co.omisego.OmiseGO;
				PRODUCT_NAME = "$(TARGET_NAME:c99extidentifier)";
				PROVISIONING_PROFILE_SPECIFIER = "";
				SKIP_INSTALL = YES;
				SWIFT_OPTIMIZATION_LEVEL = "-Onone";
				SWIFT_VERSION = 4.0;
				TARGETED_DEVICE_FAMILY = "1,2";
			};
			name = Debug;
		};
		03BCCCBF1F8B311600F604DB /* Release */ = {
			isa = XCBuildConfiguration;
			baseConfigurationReference = 16499E8AC99F7FCEE0A0FC0E /* Pods-OmiseGO.release.xcconfig */;
			buildSettings = {
				APPLICATION_EXTENSION_API_ONLY = YES;
				CLANG_ENABLE_MODULES = YES;
				CODE_SIGN_IDENTITY = "";
				"CODE_SIGN_IDENTITY[sdk=iphoneos*]" = "";
				CODE_SIGN_STYLE = Manual;
				DEFINES_MODULE = YES;
				DEVELOPMENT_TEAM = "";
				DYLIB_COMPATIBILITY_VERSION = 1;
				DYLIB_CURRENT_VERSION = 1;
				DYLIB_INSTALL_NAME_BASE = "@rpath";
				INFOPLIST_FILE = "$(SRCROOT)/Source/Info.plist";
				INSTALL_PATH = "$(LOCAL_LIBRARY_DIR)/Frameworks";
				IPHONEOS_DEPLOYMENT_TARGET = 10.0;
				LD_RUNPATH_SEARCH_PATHS = "$(inherited) @executable_path/Frameworks @loader_path/Frameworks";
				PRODUCT_BUNDLE_IDENTIFIER = co.omisego.OmiseGO;
				PRODUCT_NAME = "$(TARGET_NAME:c99extidentifier)";
				PROVISIONING_PROFILE_SPECIFIER = "";
				SKIP_INSTALL = YES;
				SWIFT_VERSION = 4.0;
				TARGETED_DEVICE_FAMILY = "1,2";
			};
			name = Release;
		};
		03BCCCC11F8B311600F604DB /* Debug */ = {
			isa = XCBuildConfiguration;
			baseConfigurationReference = 6005F67DACE86CA9F979B8D1 /* Pods-OmiseGOTests.debug.xcconfig */;
			buildSettings = {
				ALWAYS_EMBED_SWIFT_STANDARD_LIBRARIES = "$(inherited)";
				CODE_SIGN_STYLE = Manual;
				DEVELOPMENT_TEAM = "";
				INFOPLIST_FILE = OmiseGOTests/Info.plist;
				LD_RUNPATH_SEARCH_PATHS = "$(inherited) @executable_path/Frameworks @loader_path/Frameworks";
				PRODUCT_BUNDLE_IDENTIFIER = co.omisego.OmiseGOTests;
				PRODUCT_NAME = "$(TARGET_NAME)";
				PROVISIONING_PROFILE_SPECIFIER = "";
				SWIFT_VERSION = 4.0;
				TARGETED_DEVICE_FAMILY = "1,2";
			};
			name = Debug;
		};
		03BCCCC21F8B311600F604DB /* Release */ = {
			isa = XCBuildConfiguration;
			baseConfigurationReference = C7DCB672C50C2D40925FAA04 /* Pods-OmiseGOTests.release.xcconfig */;
			buildSettings = {
				ALWAYS_EMBED_SWIFT_STANDARD_LIBRARIES = "$(inherited)";
				CODE_SIGN_STYLE = Manual;
				DEVELOPMENT_TEAM = "";
				INFOPLIST_FILE = OmiseGOTests/Info.plist;
				LD_RUNPATH_SEARCH_PATHS = "$(inherited) @executable_path/Frameworks @loader_path/Frameworks";
				PRODUCT_BUNDLE_IDENTIFIER = co.omisego.OmiseGOTests;
				PRODUCT_NAME = "$(TARGET_NAME)";
				PROVISIONING_PROFILE_SPECIFIER = "";
				SWIFT_VERSION = 4.0;
				TARGETED_DEVICE_FAMILY = "1,2";
			};
			name = Release;
		};
/* End XCBuildConfiguration section */

/* Begin XCConfigurationList section */
		03BCCCA31F8B311600F604DB /* Build configuration list for PBXProject "OmiseGO" */ = {
			isa = XCConfigurationList;
			buildConfigurations = (
				03BCCCBB1F8B311600F604DB /* Debug */,
				03BCCCBC1F8B311600F604DB /* Release */,
			);
			defaultConfigurationIsVisible = 0;
			defaultConfigurationName = Release;
		};
		03BCCCBD1F8B311600F604DB /* Build configuration list for PBXNativeTarget "OmiseGO" */ = {
			isa = XCConfigurationList;
			buildConfigurations = (
				03BCCCBE1F8B311600F604DB /* Debug */,
				03BCCCBF1F8B311600F604DB /* Release */,
			);
			defaultConfigurationIsVisible = 0;
			defaultConfigurationName = Release;
		};
		03BCCCC01F8B311600F604DB /* Build configuration list for PBXNativeTarget "OmiseGOTests" */ = {
			isa = XCConfigurationList;
			buildConfigurations = (
				03BCCCC11F8B311600F604DB /* Debug */,
				03BCCCC21F8B311600F604DB /* Release */,
			);
			defaultConfigurationIsVisible = 0;
			defaultConfigurationName = Release;
		};
/* End XCConfigurationList section */
	};
	rootObject = 03BCCCA01F8B311600F604DB /* Project object */;
}
